// !$*UTF8*$!
{
	archiveVersion = 1;
	classes = {
	};
	objectVersion = 46;
	objects = {

/* Begin PBXBuildFile section */
		5508F4A41BFB972300D02E15 /* main.m in Sources */ = {isa = PBXBuildFile; fileRef = 5508F4A31BFB972300D02E15 /* main.m */; };
		5508F4A71BFB972300D02E15 /* AppDelegate.m in Sources */ = {isa = PBXBuildFile; fileRef = 5508F4A61BFB972300D02E15 /* AppDelegate.m */; };
		5508F4AA1BFB972300D02E15 /* ViewController.m in Sources */ = {isa = PBXBuildFile; fileRef = 5508F4A91BFB972300D02E15 /* ViewController.m */; };
		5508F4B01BFB972300D02E15 /* ProjectMailbox.xcdatamodeld in Sources */ = {isa = PBXBuildFile; fileRef = 5508F4AE1BFB972300D02E15 /* ProjectMailbox.xcdatamodeld */; };
		5508F4B21BFB972300D02E15 /* Assets.xcassets in Resources */ = {isa = PBXBuildFile; fileRef = 5508F4B11BFB972300D02E15 /* Assets.xcassets */; };
		5508F4B51BFB972300D02E15 /* LaunchScreen.storyboard in Resources */ = {isa = PBXBuildFile; fileRef = 5508F4B31BFB972300D02E15 /* LaunchScreen.storyboard */; };
		5508F4C01BFB972300D02E15 /* ProjectMailboxTests.m in Sources */ = {isa = PBXBuildFile; fileRef = 5508F4BF1BFB972300D02E15 /* ProjectMailboxTests.m */; };
		5508F4CB1BFB972300D02E15 /* ProjectMailboxUITests.m in Sources */ = {isa = PBXBuildFile; fileRef = 5508F4CA1BFB972300D02E15 /* ProjectMailboxUITests.m */; };
		5508F4D91BFB976F00D02E15 /* parse-library in Resources */ = {isa = PBXBuildFile; fileRef = 5508F4D81BFB976F00D02E15 /* parse-library */; };
		5508F4DE1BFBC22300D02E15 /* TMBUser.m in Sources */ = {isa = PBXBuildFile; fileRef = 5508F4DD1BFBC22300D02E15 /* TMBUser.m */; };
		5508F4E71BFBC25300D02E15 /* TMBTextCard.m in Sources */ = {isa = PBXBuildFile; fileRef = 5508F4E61BFBC25300D02E15 /* TMBTextCard.m */; };
		5508F4ED1BFBDD4100D02E15 /* TMBSignUpViewController.m in Sources */ = {isa = PBXBuildFile; fileRef = 5508F4EC1BFBDD4100D02E15 /* TMBSignUpViewController.m */; };
		5508F4F01BFC12A500D02E15 /* TMBFirstPageViewController.m in Sources */ = {isa = PBXBuildFile; fileRef = 5508F4EF1BFC12A500D02E15 /* TMBFirstPageViewController.m */; };
		5518E25E1C0E2B670035418D /* TMBSideMenuViewController.m in Sources */ = {isa = PBXBuildFile; fileRef = 5518E25D1C0E2B670035418D /* TMBSideMenuViewController.m */; };
		5518E2611C0E32170035418D /* TMBMainPageContentViewController.m in Sources */ = {isa = PBXBuildFile; fileRef = 5518E2601C0E32170035418D /* TMBMainPageContentViewController.m */; };
		552687CF1C1A1DA9008D94DE /* TMBFullImageModalViewController.m in Sources */ = {isa = PBXBuildFile; fileRef = 552687CE1C1A1DA9008D94DE /* TMBFullImageModalViewController.m */; };
		5585F65D1C14C7E3003478C6 /* libstdc++.6.0.9.tbd in Frameworks */ = {isa = PBXBuildFile; fileRef = 5585F65C1C14C7E3003478C6 /* libstdc++.6.0.9.tbd */; };
		5585F65F1C14D6E5003478C6 /* ChangePasswordViewController.swift in Sources */ = {isa = PBXBuildFile; fileRef = 5585F65E1C14D6E5003478C6 /* ChangePasswordViewController.swift */; };
		5585F6611C14E1FC003478C6 /* EditProfileViewController.swift in Sources */ = {isa = PBXBuildFile; fileRef = 5585F6601C14E1FC003478C6 /* EditProfileViewController.swift */; };
		55A7E67F1C0C93B900D18009 /* Main.storyboard in Resources */ = {isa = PBXBuildFile; fileRef = 55A7E67E1C0C93B900D18009 /* Main.storyboard */; };
		55A7E6821C0CC80700D18009 /* TMBInviteFriendsViewController.m in Sources */ = {isa = PBXBuildFile; fileRef = 55A7E6811C0CC80700D18009 /* TMBInviteFriendsViewController.m */; };
		55A7E6871C0E159C00D18009 /* AppViewController.m in Sources */ = {isa = PBXBuildFile; fileRef = 55A7E6861C0E159C00D18009 /* AppViewController.m */; };
		55C6AE1F1C1B2DED00FD8A73 /* TMBCommentViewController.m in Sources */ = {isa = PBXBuildFile; fileRef = 55C6AE1E1C1B2DED00FD8A73 /* TMBCommentViewController.m */; };
		55D3EB131C1745E30044BEFD /* TMBBoard.m in Sources */ = {isa = PBXBuildFile; fileRef = 55D3EB121C1745E30044BEFD /* TMBBoard.m */; };
		5D03AF151C1785DA00E2CDEB /* TMBBoardController.m in Sources */ = {isa = PBXBuildFile; fileRef = 5D03AF101C1785DA00E2CDEB /* TMBBoardController.m */; };
		5D03AF161C1785DA00E2CDEB /* TMBBoardLayout.m in Sources */ = {isa = PBXBuildFile; fileRef = 5D03AF121C1785DA00E2CDEB /* TMBBoardLayout.m */; };
		5D03AF171C1785DA00E2CDEB /* TMBBoardCell.m in Sources */ = {isa = PBXBuildFile; fileRef = 5D03AF141C1785DA00E2CDEB /* TMBBoardCell.m */; };
		5D03AF1B1C18610600E2CDEB /* TMBSharedBoardID.m in Sources */ = {isa = PBXBuildFile; fileRef = 5D03AF1A1C18610600E2CDEB /* TMBSharedBoardID.m */; };
		5D03AF231C187DCC00E2CDEB /* TMBConstants.m in Sources */ = {isa = PBXBuildFile; fileRef = 5D03AF211C187B1600E2CDEB /* TMBConstants.m */; };
		5D03AF241C187E3900E2CDEB /* TMBMainPageViewController.m in Sources */ = {isa = PBXBuildFile; fileRef = 55EE00721C0BB94B00C46162 /* TMBMainPageViewController.m */; };
		5D03AF251C187E5C00E2CDEB /* TMBImageView.m in Sources */ = {isa = PBXBuildFile; fileRef = A46CB11B1BFCDDA300D35BB3 /* TMBImageView.m */; };
		5D03AF261C187F8400E2CDEB /* PAPCache.m in Sources */ = {isa = PBXBuildFile; fileRef = A445152D1C039D2300BDD502 /* PAPCache.m */; };
		5D8E303A1C1DE8EF00610042 /* TMBCustomNavigationBar.m in Sources */ = {isa = PBXBuildFile; fileRef = 5D8E30391C1DE8EF00610042 /* TMBCustomNavigationBar.m */; };
		5D8E303C1C1F1E3A00610042 /* ImageCard.storyboard in Resources */ = {isa = PBXBuildFile; fileRef = 5D8E303B1C1F1E3A00610042 /* ImageCard.storyboard */; };
		5D8E30431C21EE3D00610042 /* signupScreen.storyboard in Resources */ = {isa = PBXBuildFile; fileRef = 5D8E30421C21EE3D00610042 /* signupScreen.storyboard */; };
		916A15FAAC6AF8C9D052011B /* Pods_ProjectMailbox.framework in Frameworks */ = {isa = PBXBuildFile; fileRef = DD4E1DEEA7F262100F1222E1 /* Pods_ProjectMailbox.framework */; };
		A42EB5D81C19D234009A241B /* TMBFindFriendsViewController.m in Sources */ = {isa = PBXBuildFile; fileRef = A42EB5D71C19D234009A241B /* TMBFindFriendsViewController.m */; };
		A44515101BFE521400BDD502 /* TMBTextCardViewController.m in Sources */ = {isa = PBXBuildFile; fileRef = A445150F1BFE521400BDD502 /* TMBTextCardViewController.m */; };
		A44515121BFE525A00BDD502 /* TextCardStoryboard.storyboard in Resources */ = {isa = PBXBuildFile; fileRef = A44515111BFE525A00BDD502 /* TextCardStoryboard.storyboard */; };
		A44515141BFE6CFB00BDD502 /* Foundation.framework in Frameworks */ = {isa = PBXBuildFile; fileRef = A44515131BFE6CFB00BDD502 /* Foundation.framework */; };
		A44515161BFE6D0B00BDD502 /* UIKit.framework in Frameworks */ = {isa = PBXBuildFile; fileRef = A44515151BFE6D0B00BDD502 /* UIKit.framework */; };
		A44515181BFE6D4000BDD502 /* DoodleStoryboard.storyboard in Resources */ = {isa = PBXBuildFile; fileRef = A44515171BFE6D4000BDD502 /* DoodleStoryboard.storyboard */; };
		A445151B1BFE6D7800BDD502 /* TMBDoodleViewController.m in Sources */ = {isa = PBXBuildFile; fileRef = A445151A1BFE6D7800BDD502 /* TMBDoodleViewController.m */; };
		A45295451C20992B0060E8BC /* TMBManageBoardsTableViewController.m in Sources */ = {isa = PBXBuildFile; fileRef = A45295441C20992B0060E8BC /* TMBManageBoardsTableViewController.m */; };
		A45295481C20A8690060E8BC /* TMBBoardTableViewCell.m in Sources */ = {isa = PBXBuildFile; fileRef = A45295471C20A8690060E8BC /* TMBBoardTableViewCell.m */; };
		A46CB0FC1BFC973A00D35BB3 /* ImageViewStoryboard.storyboard in Resources */ = {isa = PBXBuildFile; fileRef = A46CB0FB1BFC973A00D35BB3 /* ImageViewStoryboard.storyboard */; };
		A46CB0FF1BFC989800D35BB3 /* TMBImageCardViewController.m in Sources */ = {isa = PBXBuildFile; fileRef = A46CB0FE1BFC989800D35BB3 /* TMBImageCardViewController.m */; };
		A46CB1011BFCD39100D35BB3 /* AudioToolbox.framework in Frameworks */ = {isa = PBXBuildFile; fileRef = A46CB1001BFCD39100D35BB3 /* AudioToolbox.framework */; };
		A46CB1031BFCD39A00D35BB3 /* CFNetwork.framework in Frameworks */ = {isa = PBXBuildFile; fileRef = A46CB1021BFCD39A00D35BB3 /* CFNetwork.framework */; };
		A46CB1051BFCD3A400D35BB3 /* CoreGraphics.framework in Frameworks */ = {isa = PBXBuildFile; fileRef = A46CB1041BFCD3A400D35BB3 /* CoreGraphics.framework */; };
		A46CB1071BFCD3AE00D35BB3 /* CoreLocation.framework in Frameworks */ = {isa = PBXBuildFile; fileRef = A46CB1061BFCD3AE00D35BB3 /* CoreLocation.framework */; };
		A46CB1091BFCD3B800D35BB3 /* QuartzCore.framework in Frameworks */ = {isa = PBXBuildFile; fileRef = A46CB1081BFCD3B800D35BB3 /* QuartzCore.framework */; };
		A46CB10B1BFCD3C100D35BB3 /* Security.framework in Frameworks */ = {isa = PBXBuildFile; fileRef = A46CB10A1BFCD3C100D35BB3 /* Security.framework */; };
		A46CB10F1BFCD3D400D35BB3 /* SystemConfiguration.framework in Frameworks */ = {isa = PBXBuildFile; fileRef = A46CB10E1BFCD3D400D35BB3 /* SystemConfiguration.framework */; };
		A46CB1111BFCD3E300D35BB3 /* libz.tbd in Frameworks */ = {isa = PBXBuildFile; fileRef = A46CB1101BFCD3E300D35BB3 /* libz.tbd */; };
		A46CB1131BFCD3EF00D35BB3 /* libsqlite3.tbd in Frameworks */ = {isa = PBXBuildFile; fileRef = A46CB1121BFCD3EF00D35BB3 /* libsqlite3.tbd */; };
		A46CB1151BFCD40000D35BB3 /* Social.framework in Frameworks */ = {isa = PBXBuildFile; fileRef = A46CB1141BFCD40000D35BB3 /* Social.framework */; };
		A46CB1171BFCD40700D35BB3 /* Accounts.framework in Frameworks */ = {isa = PBXBuildFile; fileRef = A46CB1161BFCD40700D35BB3 /* Accounts.framework */; };
		A48A0AF11C1F989C00BA46F3 /* TMBSideMenuTableViewCell.m in Sources */ = {isa = PBXBuildFile; fileRef = A48A0AF01C1F989C00BA46F3 /* TMBSideMenuTableViewCell.m */; };
		A4AC727E1C0E2730000F05C8 /* TMBTableViewCommentCellTableViewCell.m in Sources */ = {isa = PBXBuildFile; fileRef = A4AC727D1C0E2730000F05C8 /* TMBTableViewCommentCellTableViewCell.m */; };
		A4AC72811C0E7FF9000F05C8 /* phoneContacts.storyboard in Resources */ = {isa = PBXBuildFile; fileRef = A4AC72801C0E7FF9000F05C8 /* phoneContacts.storyboard */; };
		A4AC72871C0E890B000F05C8 /* AddressBook.framework in Frameworks */ = {isa = PBXBuildFile; fileRef = A4AC72851C0E890B000F05C8 /* AddressBook.framework */; };
		A4AC72881C0E890B000F05C8 /* AddressBookUI.framework in Frameworks */ = {isa = PBXBuildFile; fileRef = A4AC72861C0E890B000F05C8 /* AddressBookUI.framework */; };
		A4AC728B1C0E9643000F05C8 /* Contacts.framework in Frameworks */ = {isa = PBXBuildFile; fileRef = A4AC72891C0E9643000F05C8 /* Contacts.framework */; };
		A4AC728C1C0E9643000F05C8 /* ContactsUI.framework in Frameworks */ = {isa = PBXBuildFile; fileRef = A4AC728A1C0E9643000F05C8 /* ContactsUI.framework */; };
		A4AC728F1C0E97DA000F05C8 /* TMBPhoneContactsViewController.m in Sources */ = {isa = PBXBuildFile; fileRef = A4AC728E1C0E97DA000F05C8 /* TMBPhoneContactsViewController.m */; };
		A4AC72921C0F9225000F05C8 /* Contact.m in Sources */ = {isa = PBXBuildFile; fileRef = A4AC72911C0F9225000F05C8 /* Contact.m */; };
		A4AC72951C1098E2000F05C8 /* TMBSelectedFriendViewController.m in Sources */ = {isa = PBXBuildFile; fileRef = A4AC72941C1098E2000F05C8 /* TMBSelectedFriendViewController.m */; };
		A4AC729E1C1606D1000F05C8 /* PAPUtility.m in Sources */ = {isa = PBXBuildFile; fileRef = A4AC729D1C1606D1000F05C8 /* PAPUtility.m */; };
		A4C03FF11C03BC5C00F0F368 /* Bolts.framework in Frameworks */ = {isa = PBXBuildFile; fileRef = A4C03FEA1C03BC5C00F0F368 /* Bolts.framework */; };
		A4C03FF21C03BC5C00F0F368 /* Parse.framework in Frameworks */ = {isa = PBXBuildFile; fileRef = A4C03FEB1C03BC5C00F0F368 /* Parse.framework */; };
		A4C03FF51C03BC5C00F0F368 /* ParseFacebookUtilsV4.framework in Frameworks */ = {isa = PBXBuildFile; fileRef = A4C03FEE1C03BC5C00F0F368 /* ParseFacebookUtilsV4.framework */; };
		A4C03FF61C03BC5C00F0F368 /* ParseTwitterUtils.framework in Frameworks */ = {isa = PBXBuildFile; fileRef = A4C03FEF1C03BC5C00F0F368 /* ParseTwitterUtils.framework */; };
		A4C03FF71C03BC5C00F0F368 /* ParseUI.framework in Frameworks */ = {isa = PBXBuildFile; fileRef = A4C03FF01C03BC5C00F0F368 /* ParseUI.framework */; };
		A4E03EB91C2DA0A900DC8A33 /* TMBManageSelectedBoardViewController.m in Sources */ = {isa = PBXBuildFile; fileRef = A4E03EB81C2DA0A900DC8A33 /* TMBManageSelectedBoardViewController.m */; };
		EA2A26B81C1782D70038F2D5 /* CreateBoardViewController.m in Sources */ = {isa = PBXBuildFile; fileRef = EA2A26B71C1782D70038F2D5 /* CreateBoardViewController.m */; };
		EA2A26BB1C1782EF0038F2D5 /* TMBFriendsTableViewCell.m in Sources */ = {isa = PBXBuildFile; fileRef = EA2A26BA1C1782EF0038F2D5 /* TMBFriendsTableViewCell.m */; };
		EA2A26BD1C1783020038F2D5 /* AddNewBoardStoryboard.storyboard in Resources */ = {isa = PBXBuildFile; fileRef = EA2A26BC1C1783020038F2D5 /* AddNewBoardStoryboard.storyboard */; };
		EA712A6F1C0E7AF000F096B4 /* SpotifyTrackView.m in Sources */ = {isa = PBXBuildFile; fileRef = EA712A6E1C0E7AF000F096B4 /* SpotifyTrackView.m */; };
		EA712A721C0E7B0D00F096B4 /* SpotifyTrack.m in Sources */ = {isa = PBXBuildFile; fileRef = EA712A711C0E7B0C00F096B4 /* SpotifyTrack.m */; };
		EA712A731C0F907600F096B4 /* AudioToolbox.framework in Frameworks */ = {isa = PBXBuildFile; fileRef = A46CB1001BFCD39100D35BB3 /* AudioToolbox.framework */; };
		EA712A741C0F908100F096B4 /* CFNetwork.framework in Frameworks */ = {isa = PBXBuildFile; fileRef = A46CB1021BFCD39A00D35BB3 /* CFNetwork.framework */; };
		EA712A751C0F908D00F096B4 /* CoreGraphics.framework in Frameworks */ = {isa = PBXBuildFile; fileRef = A46CB1041BFCD3A400D35BB3 /* CoreGraphics.framework */; };
		EA712A761C0F909700F096B4 /* QuartzCore.framework in Frameworks */ = {isa = PBXBuildFile; fileRef = A46CB1081BFCD3B800D35BB3 /* QuartzCore.framework */; };
		EA712A771C0F90A500F096B4 /* Security.framework in Frameworks */ = {isa = PBXBuildFile; fileRef = A46CB10A1BFCD3C100D35BB3 /* Security.framework */; };
		EA712A791C0F90BB00F096B4 /* StoreKit.framework in Frameworks */ = {isa = PBXBuildFile; fileRef = EA712A781C0F90BA00F096B4 /* StoreKit.framework */; };
		EA712A7A1C0F90E300F096B4 /* SystemConfiguration.framework in Frameworks */ = {isa = PBXBuildFile; fileRef = A46CB10E1BFCD3D400D35BB3 /* SystemConfiguration.framework */; };
		EA712A7B1C0F90F800F096B4 /* libz.tbd in Frameworks */ = {isa = PBXBuildFile; fileRef = A46CB1101BFCD3E300D35BB3 /* libz.tbd */; };
		EA712A7C1C0F912100F096B4 /* libsqlite3.tbd in Frameworks */ = {isa = PBXBuildFile; fileRef = A46CB1121BFCD3EF00D35BB3 /* libsqlite3.tbd */; };
		EA712A7D1C0F912E00F096B4 /* Accounts.framework in Frameworks */ = {isa = PBXBuildFile; fileRef = A46CB1161BFCD40700D35BB3 /* Accounts.framework */; };
		EA712A7E1C0F913900F096B4 /* Social.framework in Frameworks */ = {isa = PBXBuildFile; fileRef = A46CB1141BFCD40000D35BB3 /* Social.framework */; };
		EA712A801C0F920400F096B4 /* ParseUI.framework in Frameworks */ = {isa = PBXBuildFile; fileRef = EA712A7F1C0F920400F096B4 /* ParseUI.framework */; };
		EA712A821C0F922E00F096B4 /* Parse.framework in Frameworks */ = {isa = PBXBuildFile; fileRef = EA712A811C0F922E00F096B4 /* Parse.framework */; };
		EA712A841C0F923600F096B4 /* Bolts.framework in Frameworks */ = {isa = PBXBuildFile; fileRef = EA712A831C0F923600F096B4 /* Bolts.framework */; };
		EA712A881C0F941B00F096B4 /* SpotifyFeature.storyboard in Resources */ = {isa = PBXBuildFile; fileRef = EA712A871C0F941B00F096B4 /* SpotifyFeature.storyboard */; };
		EAB7236D1C03C33F0086E421 /* ShareViewController.m in Sources */ = {isa = PBXBuildFile; fileRef = EAB7236C1C03C33F0086E421 /* ShareViewController.m */; };
		EAB723701C03C33F0086E421 /* MainInterface.storyboard in Resources */ = {isa = PBXBuildFile; fileRef = EAB7236E1C03C33F0086E421 /* MainInterface.storyboard */; };
		EAB723741C03C33F0086E421 /* TMBSpotifyShareExtension.appex in Embed App Extensions */ = {isa = PBXBuildFile; fileRef = EAB723691C03C33F0086E421 /* TMBSpotifyShareExtension.appex */; settings = {ATTRIBUTES = (RemoveHeadersOnCopy, ); }; };
		EAB7237B1C03C4990086E421 /* TMBSpotifyShareExtensionAPIClient.m in Sources */ = {isa = PBXBuildFile; fileRef = EAB7237A1C03C4990086E421 /* TMBSpotifyShareExtensionAPIClient.m */; };
		EAB7237C1C03C4990086E421 /* TMBSpotifyShareExtensionAPIClient.m in Sources */ = {isa = PBXBuildFile; fileRef = EAB7237A1C03C4990086E421 /* TMBSpotifyShareExtensionAPIClient.m */; };
		EACDA5CB1C161E440031268F /* SpotifyTrack2.m in Sources */ = {isa = PBXBuildFile; fileRef = EACDA5CA1C161E440031268F /* SpotifyTrack2.m */; };
		EACDA5CE1C1620F60031268F /* SpotifyTrackView2.m in Sources */ = {isa = PBXBuildFile; fileRef = EACDA5CD1C1620F60031268F /* SpotifyTrackView2.m */; };
		EACDA5D11C175E6C0031268F /* SpotifyPlayerManager.m in Sources */ = {isa = PBXBuildFile; fileRef = EACDA5D01C175E6C0031268F /* SpotifyPlayerManager.m */; };
		EAD1EABD1C051556003BA462 /* TMBSpotifyViewController.m in Sources */ = {isa = PBXBuildFile; fileRef = EAB723811C03D0480086E421 /* TMBSpotifyViewController.m */; };
		EAD1EAE81C05189D003BA462 /* Spotify.framework in Frameworks */ = {isa = PBXBuildFile; fileRef = EAD1EAE71C05189D003BA462 /* Spotify.framework */; };
		EAD1EAE91C051A42003BA462 /* ParseCrashReporting.framework in Frameworks */ = {isa = PBXBuildFile; fileRef = A4C03FEC1C03BC5C00F0F368 /* ParseCrashReporting.framework */; };
/* End PBXBuildFile section */

/* Begin PBXContainerItemProxy section */
		5508F4BC1BFB972300D02E15 /* PBXContainerItemProxy */ = {
			isa = PBXContainerItemProxy;
			containerPortal = 5508F4971BFB972300D02E15 /* Project object */;
			proxyType = 1;
			remoteGlobalIDString = 5508F49E1BFB972300D02E15;
			remoteInfo = ProjectMailbox;
		};
		5508F4C71BFB972300D02E15 /* PBXContainerItemProxy */ = {
			isa = PBXContainerItemProxy;
			containerPortal = 5508F4971BFB972300D02E15 /* Project object */;
			proxyType = 1;
			remoteGlobalIDString = 5508F49E1BFB972300D02E15;
			remoteInfo = ProjectMailbox;
		};
		EAB723721C03C33F0086E421 /* PBXContainerItemProxy */ = {
			isa = PBXContainerItemProxy;
			containerPortal = 5508F4971BFB972300D02E15 /* Project object */;
			proxyType = 1;
			remoteGlobalIDString = EAB723681C03C33F0086E421;
			remoteInfo = TMBSpotifyShareExtension;
		};
/* End PBXContainerItemProxy section */

/* Begin PBXCopyFilesBuildPhase section */
		EAB723781C03C3400086E421 /* Embed App Extensions */ = {
			isa = PBXCopyFilesBuildPhase;
			buildActionMask = 2147483647;
			dstPath = "";
			dstSubfolderSpec = 13;
			files = (
				EAB723741C03C33F0086E421 /* TMBSpotifyShareExtension.appex in Embed App Extensions */,
			);
			name = "Embed App Extensions";
			runOnlyForDeploymentPostprocessing = 0;
		};
/* End PBXCopyFilesBuildPhase section */

/* Begin PBXFileReference section */
		4A85112209E9F690313E6859 /* Pods.debug.xcconfig */ = {isa = PBXFileReference; includeInIndex = 1; lastKnownFileType = text.xcconfig; name = Pods.debug.xcconfig; path = "Pods/Target Support Files/Pods/Pods.debug.xcconfig"; sourceTree = "<group>"; };
		5508F49F1BFB972300D02E15 /* ProjectMailbox.app */ = {isa = PBXFileReference; explicitFileType = wrapper.application; includeInIndex = 0; path = ProjectMailbox.app; sourceTree = BUILT_PRODUCTS_DIR; };
		5508F4A31BFB972300D02E15 /* main.m */ = {isa = PBXFileReference; lastKnownFileType = sourcecode.c.objc; path = main.m; sourceTree = "<group>"; };
		5508F4A51BFB972300D02E15 /* AppDelegate.h */ = {isa = PBXFileReference; lastKnownFileType = sourcecode.c.h; path = AppDelegate.h; sourceTree = "<group>"; };
		5508F4A61BFB972300D02E15 /* AppDelegate.m */ = {isa = PBXFileReference; lastKnownFileType = sourcecode.c.objc; path = AppDelegate.m; sourceTree = "<group>"; };
		5508F4A81BFB972300D02E15 /* ViewController.h */ = {isa = PBXFileReference; lastKnownFileType = sourcecode.c.h; path = ViewController.h; sourceTree = "<group>"; };
		5508F4A91BFB972300D02E15 /* ViewController.m */ = {isa = PBXFileReference; lastKnownFileType = sourcecode.c.objc; path = ViewController.m; sourceTree = "<group>"; };
		5508F4AF1BFB972300D02E15 /* ProjectMailbox.xcdatamodel */ = {isa = PBXFileReference; lastKnownFileType = wrapper.xcdatamodel; path = ProjectMailbox.xcdatamodel; sourceTree = "<group>"; };
		5508F4B11BFB972300D02E15 /* Assets.xcassets */ = {isa = PBXFileReference; lastKnownFileType = folder.assetcatalog; path = Assets.xcassets; sourceTree = "<group>"; };
		5508F4B41BFB972300D02E15 /* Base */ = {isa = PBXFileReference; lastKnownFileType = file.storyboard; name = Base; path = Base.lproj/LaunchScreen.storyboard; sourceTree = "<group>"; };
		5508F4B61BFB972300D02E15 /* Info.plist */ = {isa = PBXFileReference; lastKnownFileType = text.plist.xml; path = Info.plist; sourceTree = "<group>"; };
		5508F4BB1BFB972300D02E15 /* ProjectMailboxTests.xctest */ = {isa = PBXFileReference; explicitFileType = wrapper.cfbundle; includeInIndex = 0; path = ProjectMailboxTests.xctest; sourceTree = BUILT_PRODUCTS_DIR; };
		5508F4BF1BFB972300D02E15 /* ProjectMailboxTests.m */ = {isa = PBXFileReference; lastKnownFileType = sourcecode.c.objc; path = ProjectMailboxTests.m; sourceTree = "<group>"; };
		5508F4C11BFB972300D02E15 /* Info.plist */ = {isa = PBXFileReference; lastKnownFileType = text.plist.xml; path = Info.plist; sourceTree = "<group>"; };
		5508F4C61BFB972300D02E15 /* ProjectMailboxUITests.xctest */ = {isa = PBXFileReference; explicitFileType = wrapper.cfbundle; includeInIndex = 0; path = ProjectMailboxUITests.xctest; sourceTree = BUILT_PRODUCTS_DIR; };
		5508F4CA1BFB972300D02E15 /* ProjectMailboxUITests.m */ = {isa = PBXFileReference; lastKnownFileType = sourcecode.c.objc; path = ProjectMailboxUITests.m; sourceTree = "<group>"; };
		5508F4CC1BFB972300D02E15 /* Info.plist */ = {isa = PBXFileReference; lastKnownFileType = text.plist.xml; path = Info.plist; sourceTree = "<group>"; };
		5508F4D81BFB976F00D02E15 /* parse-library */ = {isa = PBXFileReference; lastKnownFileType = folder; path = "parse-library"; sourceTree = "<group>"; };
		5508F4DC1BFBC22300D02E15 /* TMBUser.h */ = {isa = PBXFileReference; fileEncoding = 4; lastKnownFileType = sourcecode.c.h; path = TMBUser.h; sourceTree = "<group>"; };
		5508F4DD1BFBC22300D02E15 /* TMBUser.m */ = {isa = PBXFileReference; fileEncoding = 4; lastKnownFileType = sourcecode.c.objc; path = TMBUser.m; sourceTree = "<group>"; };
		5508F4E51BFBC25300D02E15 /* TMBTextCard.h */ = {isa = PBXFileReference; fileEncoding = 4; lastKnownFileType = sourcecode.c.h; path = TMBTextCard.h; sourceTree = "<group>"; };
		5508F4E61BFBC25300D02E15 /* TMBTextCard.m */ = {isa = PBXFileReference; fileEncoding = 4; lastKnownFileType = sourcecode.c.objc; path = TMBTextCard.m; sourceTree = "<group>"; };
		5508F4EB1BFBDD4100D02E15 /* TMBSignUpViewController.h */ = {isa = PBXFileReference; fileEncoding = 4; lastKnownFileType = sourcecode.c.h; path = TMBSignUpViewController.h; sourceTree = "<group>"; };
		5508F4EC1BFBDD4100D02E15 /* TMBSignUpViewController.m */ = {isa = PBXFileReference; fileEncoding = 4; lastKnownFileType = sourcecode.c.objc; path = TMBSignUpViewController.m; sourceTree = "<group>"; };
		5508F4EE1BFC12A500D02E15 /* TMBFirstPageViewController.h */ = {isa = PBXFileReference; fileEncoding = 4; lastKnownFileType = sourcecode.c.h; path = TMBFirstPageViewController.h; sourceTree = "<group>"; };
		5508F4EF1BFC12A500D02E15 /* TMBFirstPageViewController.m */ = {isa = PBXFileReference; fileEncoding = 4; lastKnownFileType = sourcecode.c.objc; path = TMBFirstPageViewController.m; sourceTree = "<group>"; };
		5518E25C1C0E2B670035418D /* TMBSideMenuViewController.h */ = {isa = PBXFileReference; fileEncoding = 4; lastKnownFileType = sourcecode.c.h; path = TMBSideMenuViewController.h; sourceTree = "<group>"; };
		5518E25D1C0E2B670035418D /* TMBSideMenuViewController.m */ = {isa = PBXFileReference; fileEncoding = 4; lastKnownFileType = sourcecode.c.objc; path = TMBSideMenuViewController.m; sourceTree = "<group>"; };
		5518E25F1C0E32170035418D /* TMBMainPageContentViewController.h */ = {isa = PBXFileReference; fileEncoding = 4; lastKnownFileType = sourcecode.c.h; path = TMBMainPageContentViewController.h; sourceTree = "<group>"; };
		5518E2601C0E32170035418D /* TMBMainPageContentViewController.m */ = {isa = PBXFileReference; fileEncoding = 4; lastKnownFileType = sourcecode.c.objc; path = TMBMainPageContentViewController.m; sourceTree = "<group>"; };
		552687CD1C1A1DA9008D94DE /* TMBFullImageModalViewController.h */ = {isa = PBXFileReference; fileEncoding = 4; lastKnownFileType = sourcecode.c.h; path = TMBFullImageModalViewController.h; sourceTree = "<group>"; };
		552687CE1C1A1DA9008D94DE /* TMBFullImageModalViewController.m */ = {isa = PBXFileReference; fileEncoding = 4; lastKnownFileType = sourcecode.c.objc; path = TMBFullImageModalViewController.m; sourceTree = "<group>"; };
		5585F6481C14C563003478C6 /* PassKit.framework */ = {isa = PBXFileReference; lastKnownFileType = wrapper.framework; name = PassKit.framework; path = System/Library/Frameworks/PassKit.framework; sourceTree = SDKROOT; };
		5585F64A1C14C5B6003478C6 /* FBSDKCoreKit.framework */ = {isa = PBXFileReference; lastKnownFileType = wrapper.framework; name = FBSDKCoreKit.framework; path = "Pods/../build/Debug-iphoneos/FBSDKCoreKit.framework"; sourceTree = "<group>"; };
		5585F64C1C14C5BE003478C6 /* FBSDKLoginKit.framework */ = {isa = PBXFileReference; lastKnownFileType = wrapper.framework; name = FBSDKLoginKit.framework; path = "Pods/../build/Debug-iphoneos/FBSDKLoginKit.framework"; sourceTree = "<group>"; };
		5585F64E1C14C5C5003478C6 /* Concorde.framework */ = {isa = PBXFileReference; lastKnownFileType = wrapper.framework; name = Concorde.framework; path = "Pods/../build/Debug-iphoneos/Concorde.framework"; sourceTree = "<group>"; };
		5585F64F1C14C5C5003478C6 /* FBSDKShareKit.framework */ = {isa = PBXFileReference; lastKnownFileType = wrapper.framework; name = FBSDKShareKit.framework; path = "Pods/../build/Debug-iphoneos/FBSDKShareKit.framework"; sourceTree = "<group>"; };
		5585F6501C14C5C5003478C6 /* JSQMessagesViewController.framework */ = {isa = PBXFileReference; lastKnownFileType = wrapper.framework; name = JSQMessagesViewController.framework; path = "Pods/../build/Debug-iphoneos/JSQMessagesViewController.framework"; sourceTree = "<group>"; };
		5585F6511C14C5C5003478C6 /* JSQSystemSoundPlayer.framework */ = {isa = PBXFileReference; lastKnownFileType = wrapper.framework; name = JSQSystemSoundPlayer.framework; path = "Pods/../build/Debug-iphoneos/JSQSystemSoundPlayer.framework"; sourceTree = "<group>"; };
		5585F6521C14C5C5003478C6 /* Masonry.framework */ = {isa = PBXFileReference; lastKnownFileType = wrapper.framework; name = Masonry.framework; path = "Pods/../build/Debug-iphoneos/Masonry.framework"; sourceTree = "<group>"; };
		5585F6531C14C5C5003478C6 /* MMDrawerController.framework */ = {isa = PBXFileReference; lastKnownFileType = wrapper.framework; name = MMDrawerController.framework; path = "Pods/../build/Debug-iphoneos/MMDrawerController.framework"; sourceTree = "<group>"; };
		5585F6541C14C5C5003478C6 /* SimpleColorPicker.framework */ = {isa = PBXFileReference; lastKnownFileType = wrapper.framework; name = SimpleColorPicker.framework; path = "Pods/../build/Debug-iphoneos/SimpleColorPicker.framework"; sourceTree = "<group>"; };
		5585F65C1C14C7E3003478C6 /* libstdc++.6.0.9.tbd */ = {isa = PBXFileReference; lastKnownFileType = "sourcecode.text-based-dylib-definition"; name = "libstdc++.6.0.9.tbd"; path = "usr/lib/libstdc++.6.0.9.tbd"; sourceTree = SDKROOT; };
		5585F65E1C14D6E5003478C6 /* ChangePasswordViewController.swift */ = {isa = PBXFileReference; fileEncoding = 4; lastKnownFileType = sourcecode.swift; path = ChangePasswordViewController.swift; sourceTree = "<group>"; };
		5585F6601C14E1FC003478C6 /* EditProfileViewController.swift */ = {isa = PBXFileReference; fileEncoding = 4; lastKnownFileType = sourcecode.swift; path = EditProfileViewController.swift; sourceTree = "<group>"; };
		559300061C0F958F0027195D /* ProjectMailbox.entitlements */ = {isa = PBXFileReference; lastKnownFileType = text.xml; path = ProjectMailbox.entitlements; sourceTree = "<group>"; };
		55A7E67E1C0C93B900D18009 /* Main.storyboard */ = {isa = PBXFileReference; fileEncoding = 4; lastKnownFileType = file.storyboard; path = Main.storyboard; sourceTree = "<group>"; };
		55A7E6801C0CC80700D18009 /* TMBInviteFriendsViewController.h */ = {isa = PBXFileReference; fileEncoding = 4; lastKnownFileType = sourcecode.c.h; path = TMBInviteFriendsViewController.h; sourceTree = "<group>"; };
		55A7E6811C0CC80700D18009 /* TMBInviteFriendsViewController.m */ = {isa = PBXFileReference; fileEncoding = 4; lastKnownFileType = sourcecode.c.objc; path = TMBInviteFriendsViewController.m; sourceTree = "<group>"; };
		55A7E6851C0E159C00D18009 /* AppViewController.h */ = {isa = PBXFileReference; fileEncoding = 4; lastKnownFileType = sourcecode.c.h; path = AppViewController.h; sourceTree = "<group>"; };
		55A7E6861C0E159C00D18009 /* AppViewController.m */ = {isa = PBXFileReference; fileEncoding = 4; lastKnownFileType = sourcecode.c.objc; path = AppViewController.m; sourceTree = "<group>"; };
		55B682AB1C122A750054699A /* ProjectMailbox-Bridging-Header.h */ = {isa = PBXFileReference; lastKnownFileType = sourcecode.c.h; path = "ProjectMailbox-Bridging-Header.h"; sourceTree = "<group>"; };
		55C6AE1D1C1B2DED00FD8A73 /* TMBCommentViewController.h */ = {isa = PBXFileReference; fileEncoding = 4; lastKnownFileType = sourcecode.c.h; path = TMBCommentViewController.h; sourceTree = "<group>"; };
		55C6AE1E1C1B2DED00FD8A73 /* TMBCommentViewController.m */ = {isa = PBXFileReference; fileEncoding = 4; lastKnownFileType = sourcecode.c.objc; path = TMBCommentViewController.m; sourceTree = "<group>"; };
		55D3EB101C17416C0044BEFD /* TMBSpotifyShareExtension.entitlements */ = {isa = PBXFileReference; lastKnownFileType = text.xml; path = TMBSpotifyShareExtension.entitlements; sourceTree = "<group>"; };
		55D3EB111C1745E30044BEFD /* TMBBoard.h */ = {isa = PBXFileReference; fileEncoding = 4; lastKnownFileType = sourcecode.c.h; path = TMBBoard.h; sourceTree = "<group>"; };
		55D3EB121C1745E30044BEFD /* TMBBoard.m */ = {isa = PBXFileReference; fileEncoding = 4; lastKnownFileType = sourcecode.c.objc; path = TMBBoard.m; sourceTree = "<group>"; };
		55EE00711C0BB94B00C46162 /* TMBMainPageViewController.h */ = {isa = PBXFileReference; fileEncoding = 4; lastKnownFileType = sourcecode.c.h; path = TMBMainPageViewController.h; sourceTree = "<group>"; };
		55EE00721C0BB94B00C46162 /* TMBMainPageViewController.m */ = {isa = PBXFileReference; fileEncoding = 4; lastKnownFileType = sourcecode.c.objc; path = TMBMainPageViewController.m; sourceTree = "<group>"; };
		5D03AF0F1C1785DA00E2CDEB /* TMBBoardController.h */ = {isa = PBXFileReference; fileEncoding = 4; lastKnownFileType = sourcecode.c.h; path = TMBBoardController.h; sourceTree = "<group>"; };
		5D03AF101C1785DA00E2CDEB /* TMBBoardController.m */ = {isa = PBXFileReference; fileEncoding = 4; lastKnownFileType = sourcecode.c.objc; path = TMBBoardController.m; sourceTree = "<group>"; };
		5D03AF111C1785DA00E2CDEB /* TMBBoardLayout.h */ = {isa = PBXFileReference; fileEncoding = 4; lastKnownFileType = sourcecode.c.h; path = TMBBoardLayout.h; sourceTree = "<group>"; };
		5D03AF121C1785DA00E2CDEB /* TMBBoardLayout.m */ = {isa = PBXFileReference; fileEncoding = 4; lastKnownFileType = sourcecode.c.objc; path = TMBBoardLayout.m; sourceTree = "<group>"; };
		5D03AF131C1785DA00E2CDEB /* TMBBoardCell.h */ = {isa = PBXFileReference; fileEncoding = 4; lastKnownFileType = sourcecode.c.h; path = TMBBoardCell.h; sourceTree = "<group>"; };
		5D03AF141C1785DA00E2CDEB /* TMBBoardCell.m */ = {isa = PBXFileReference; fileEncoding = 4; lastKnownFileType = sourcecode.c.objc; path = TMBBoardCell.m; sourceTree = "<group>"; };
		5D03AF191C18610600E2CDEB /* TMBSharedBoardID.h */ = {isa = PBXFileReference; fileEncoding = 4; lastKnownFileType = sourcecode.c.h; path = TMBSharedBoardID.h; sourceTree = "<group>"; };
		5D03AF1A1C18610600E2CDEB /* TMBSharedBoardID.m */ = {isa = PBXFileReference; fileEncoding = 4; lastKnownFileType = sourcecode.c.objc; path = TMBSharedBoardID.m; sourceTree = "<group>"; };
		5D03AF201C187B1600E2CDEB /* TMBConstants.h */ = {isa = PBXFileReference; fileEncoding = 4; lastKnownFileType = sourcecode.c.h; path = TMBConstants.h; sourceTree = "<group>"; };
		5D03AF211C187B1600E2CDEB /* TMBConstants.m */ = {isa = PBXFileReference; fileEncoding = 4; lastKnownFileType = sourcecode.c.objc; path = TMBConstants.m; sourceTree = "<group>"; };
		5D8E30381C1DE8EF00610042 /* TMBCustomNavigationBar.h */ = {isa = PBXFileReference; fileEncoding = 4; lastKnownFileType = sourcecode.c.h; path = TMBCustomNavigationBar.h; sourceTree = "<group>"; };
		5D8E30391C1DE8EF00610042 /* TMBCustomNavigationBar.m */ = {isa = PBXFileReference; fileEncoding = 4; lastKnownFileType = sourcecode.c.objc; path = TMBCustomNavigationBar.m; sourceTree = "<group>"; };
		5D8E303B1C1F1E3A00610042 /* ImageCard.storyboard */ = {isa = PBXFileReference; fileEncoding = 4; lastKnownFileType = file.storyboard; path = ImageCard.storyboard; sourceTree = "<group>"; };
		5D8E30421C21EE3D00610042 /* signupScreen.storyboard */ = {isa = PBXFileReference; fileEncoding = 4; lastKnownFileType = file.storyboard; path = signupScreen.storyboard; sourceTree = "<group>"; };
		774B83E0D48C8871F9362E29 /* Pods-ProjectMailbox.release.xcconfig */ = {isa = PBXFileReference; includeInIndex = 1; lastKnownFileType = text.xcconfig; name = "Pods-ProjectMailbox.release.xcconfig"; path = "Pods/Target Support Files/Pods-ProjectMailbox/Pods-ProjectMailbox.release.xcconfig"; sourceTree = "<group>"; };
		A35519930F35CF33D321AA4E /* Pods-ProjectMailbox.debug.xcconfig */ = {isa = PBXFileReference; includeInIndex = 1; lastKnownFileType = text.xcconfig; name = "Pods-ProjectMailbox.debug.xcconfig"; path = "Pods/Target Support Files/Pods-ProjectMailbox/Pods-ProjectMailbox.debug.xcconfig"; sourceTree = "<group>"; };
		A42EB5D61C19D234009A241B /* TMBFindFriendsViewController.h */ = {isa = PBXFileReference; fileEncoding = 4; lastKnownFileType = sourcecode.c.h; path = TMBFindFriendsViewController.h; sourceTree = "<group>"; };
		A42EB5D71C19D234009A241B /* TMBFindFriendsViewController.m */ = {isa = PBXFileReference; fileEncoding = 4; lastKnownFileType = sourcecode.c.objc; path = TMBFindFriendsViewController.m; sourceTree = "<group>"; };
		A445150E1BFE521400BDD502 /* TMBTextCardViewController.h */ = {isa = PBXFileReference; fileEncoding = 4; lastKnownFileType = sourcecode.c.h; path = TMBTextCardViewController.h; sourceTree = "<group>"; };
		A445150F1BFE521400BDD502 /* TMBTextCardViewController.m */ = {isa = PBXFileReference; fileEncoding = 4; lastKnownFileType = sourcecode.c.objc; path = TMBTextCardViewController.m; sourceTree = "<group>"; };
		A44515111BFE525A00BDD502 /* TextCardStoryboard.storyboard */ = {isa = PBXFileReference; fileEncoding = 4; lastKnownFileType = file.storyboard; path = TextCardStoryboard.storyboard; sourceTree = "<group>"; };
		A44515131BFE6CFB00BDD502 /* Foundation.framework */ = {isa = PBXFileReference; lastKnownFileType = wrapper.framework; name = Foundation.framework; path = System/Library/Frameworks/Foundation.framework; sourceTree = SDKROOT; };
		A44515151BFE6D0B00BDD502 /* UIKit.framework */ = {isa = PBXFileReference; lastKnownFileType = wrapper.framework; name = UIKit.framework; path = System/Library/Frameworks/UIKit.framework; sourceTree = SDKROOT; };
		A44515171BFE6D4000BDD502 /* DoodleStoryboard.storyboard */ = {isa = PBXFileReference; fileEncoding = 4; lastKnownFileType = file.storyboard; path = DoodleStoryboard.storyboard; sourceTree = "<group>"; };
		A44515191BFE6D7800BDD502 /* TMBDoodleViewController.h */ = {isa = PBXFileReference; fileEncoding = 4; lastKnownFileType = sourcecode.c.h; path = TMBDoodleViewController.h; sourceTree = "<group>"; };
		A445151A1BFE6D7800BDD502 /* TMBDoodleViewController.m */ = {isa = PBXFileReference; fileEncoding = 4; lastKnownFileType = sourcecode.c.objc; path = TMBDoodleViewController.m; sourceTree = "<group>"; };
		A445152C1C039D2300BDD502 /* PAPCache.h */ = {isa = PBXFileReference; fileEncoding = 4; lastKnownFileType = sourcecode.c.h; path = PAPCache.h; sourceTree = "<group>"; };
		A445152D1C039D2300BDD502 /* PAPCache.m */ = {isa = PBXFileReference; fileEncoding = 4; lastKnownFileType = sourcecode.c.objc; path = PAPCache.m; sourceTree = "<group>"; };
		A45295431C20992B0060E8BC /* TMBManageBoardsTableViewController.h */ = {isa = PBXFileReference; fileEncoding = 4; lastKnownFileType = sourcecode.c.h; path = TMBManageBoardsTableViewController.h; sourceTree = "<group>"; };
		A45295441C20992B0060E8BC /* TMBManageBoardsTableViewController.m */ = {isa = PBXFileReference; fileEncoding = 4; lastKnownFileType = sourcecode.c.objc; path = TMBManageBoardsTableViewController.m; sourceTree = "<group>"; };
		A45295461C20A8690060E8BC /* TMBBoardTableViewCell.h */ = {isa = PBXFileReference; fileEncoding = 4; lastKnownFileType = sourcecode.c.h; path = TMBBoardTableViewCell.h; sourceTree = "<group>"; };
		A45295471C20A8690060E8BC /* TMBBoardTableViewCell.m */ = {isa = PBXFileReference; fileEncoding = 4; lastKnownFileType = sourcecode.c.objc; path = TMBBoardTableViewCell.m; sourceTree = "<group>"; };
		A46CB0FB1BFC973A00D35BB3 /* ImageViewStoryboard.storyboard */ = {isa = PBXFileReference; fileEncoding = 4; lastKnownFileType = file.storyboard; path = ImageViewStoryboard.storyboard; sourceTree = "<group>"; };
		A46CB0FD1BFC989800D35BB3 /* TMBImageCardViewController.h */ = {isa = PBXFileReference; fileEncoding = 4; lastKnownFileType = sourcecode.c.h; path = TMBImageCardViewController.h; sourceTree = "<group>"; };
		A46CB0FE1BFC989800D35BB3 /* TMBImageCardViewController.m */ = {isa = PBXFileReference; fileEncoding = 4; lastKnownFileType = sourcecode.c.objc; path = TMBImageCardViewController.m; sourceTree = "<group>"; };
		A46CB1001BFCD39100D35BB3 /* AudioToolbox.framework */ = {isa = PBXFileReference; lastKnownFileType = wrapper.framework; name = AudioToolbox.framework; path = System/Library/Frameworks/AudioToolbox.framework; sourceTree = SDKROOT; };
		A46CB1021BFCD39A00D35BB3 /* CFNetwork.framework */ = {isa = PBXFileReference; lastKnownFileType = wrapper.framework; name = CFNetwork.framework; path = System/Library/Frameworks/CFNetwork.framework; sourceTree = SDKROOT; };
		A46CB1041BFCD3A400D35BB3 /* CoreGraphics.framework */ = {isa = PBXFileReference; lastKnownFileType = wrapper.framework; name = CoreGraphics.framework; path = System/Library/Frameworks/CoreGraphics.framework; sourceTree = SDKROOT; };
		A46CB1061BFCD3AE00D35BB3 /* CoreLocation.framework */ = {isa = PBXFileReference; lastKnownFileType = wrapper.framework; name = CoreLocation.framework; path = System/Library/Frameworks/CoreLocation.framework; sourceTree = SDKROOT; };
		A46CB1081BFCD3B800D35BB3 /* QuartzCore.framework */ = {isa = PBXFileReference; lastKnownFileType = wrapper.framework; name = QuartzCore.framework; path = System/Library/Frameworks/QuartzCore.framework; sourceTree = SDKROOT; };
		A46CB10A1BFCD3C100D35BB3 /* Security.framework */ = {isa = PBXFileReference; lastKnownFileType = wrapper.framework; name = Security.framework; path = System/Library/Frameworks/Security.framework; sourceTree = SDKROOT; };
		A46CB10E1BFCD3D400D35BB3 /* SystemConfiguration.framework */ = {isa = PBXFileReference; lastKnownFileType = wrapper.framework; name = SystemConfiguration.framework; path = System/Library/Frameworks/SystemConfiguration.framework; sourceTree = SDKROOT; };
		A46CB1101BFCD3E300D35BB3 /* libz.tbd */ = {isa = PBXFileReference; lastKnownFileType = "sourcecode.text-based-dylib-definition"; name = libz.tbd; path = usr/lib/libz.tbd; sourceTree = SDKROOT; };
		A46CB1121BFCD3EF00D35BB3 /* libsqlite3.tbd */ = {isa = PBXFileReference; lastKnownFileType = "sourcecode.text-based-dylib-definition"; name = libsqlite3.tbd; path = usr/lib/libsqlite3.tbd; sourceTree = SDKROOT; };
		A46CB1141BFCD40000D35BB3 /* Social.framework */ = {isa = PBXFileReference; lastKnownFileType = wrapper.framework; name = Social.framework; path = System/Library/Frameworks/Social.framework; sourceTree = SDKROOT; };
		A46CB1161BFCD40700D35BB3 /* Accounts.framework */ = {isa = PBXFileReference; lastKnownFileType = wrapper.framework; name = Accounts.framework; path = System/Library/Frameworks/Accounts.framework; sourceTree = SDKROOT; };
		A46CB11A1BFCDDA300D35BB3 /* TMBImageView.h */ = {isa = PBXFileReference; fileEncoding = 4; lastKnownFileType = sourcecode.c.h; path = TMBImageView.h; sourceTree = "<group>"; };
		A46CB11B1BFCDDA300D35BB3 /* TMBImageView.m */ = {isa = PBXFileReference; fileEncoding = 4; lastKnownFileType = sourcecode.c.objc; path = TMBImageView.m; sourceTree = "<group>"; };
		A46CB11F1BFCE1C700D35BB3 /* Parse.framework */ = {isa = PBXFileReference; lastKnownFileType = wrapper.framework; name = Parse.framework; path = "ProjectMailbox/parse-library/Parse.framework"; sourceTree = "<group>"; };
		A48A0AEF1C1F989C00BA46F3 /* TMBSideMenuTableViewCell.h */ = {isa = PBXFileReference; fileEncoding = 4; lastKnownFileType = sourcecode.c.h; path = TMBSideMenuTableViewCell.h; sourceTree = "<group>"; };
		A48A0AF01C1F989C00BA46F3 /* TMBSideMenuTableViewCell.m */ = {isa = PBXFileReference; fileEncoding = 4; lastKnownFileType = sourcecode.c.objc; path = TMBSideMenuTableViewCell.m; sourceTree = "<group>"; };
		A4AC727C1C0E2730000F05C8 /* TMBTableViewCommentCellTableViewCell.h */ = {isa = PBXFileReference; fileEncoding = 4; lastKnownFileType = sourcecode.c.h; path = TMBTableViewCommentCellTableViewCell.h; sourceTree = "<group>"; };
		A4AC727D1C0E2730000F05C8 /* TMBTableViewCommentCellTableViewCell.m */ = {isa = PBXFileReference; fileEncoding = 4; lastKnownFileType = sourcecode.c.objc; path = TMBTableViewCommentCellTableViewCell.m; sourceTree = "<group>"; };
		A4AC72801C0E7FF9000F05C8 /* phoneContacts.storyboard */ = {isa = PBXFileReference; fileEncoding = 4; lastKnownFileType = file.storyboard; path = phoneContacts.storyboard; sourceTree = "<group>"; };
		A4AC72851C0E890B000F05C8 /* AddressBook.framework */ = {isa = PBXFileReference; lastKnownFileType = wrapper.framework; name = AddressBook.framework; path = System/Library/Frameworks/AddressBook.framework; sourceTree = SDKROOT; };
		A4AC72861C0E890B000F05C8 /* AddressBookUI.framework */ = {isa = PBXFileReference; lastKnownFileType = wrapper.framework; name = AddressBookUI.framework; path = System/Library/Frameworks/AddressBookUI.framework; sourceTree = SDKROOT; };
		A4AC72891C0E9643000F05C8 /* Contacts.framework */ = {isa = PBXFileReference; lastKnownFileType = wrapper.framework; name = Contacts.framework; path = System/Library/Frameworks/Contacts.framework; sourceTree = SDKROOT; };
		A4AC728A1C0E9643000F05C8 /* ContactsUI.framework */ = {isa = PBXFileReference; lastKnownFileType = wrapper.framework; name = ContactsUI.framework; path = System/Library/Frameworks/ContactsUI.framework; sourceTree = SDKROOT; };
		A4AC728D1C0E97DA000F05C8 /* TMBPhoneContactsViewController.h */ = {isa = PBXFileReference; fileEncoding = 4; lastKnownFileType = sourcecode.c.h; path = TMBPhoneContactsViewController.h; sourceTree = "<group>"; };
		A4AC728E1C0E97DA000F05C8 /* TMBPhoneContactsViewController.m */ = {isa = PBXFileReference; fileEncoding = 4; lastKnownFileType = sourcecode.c.objc; path = TMBPhoneContactsViewController.m; sourceTree = "<group>"; };
		A4AC72901C0F9225000F05C8 /* Contact.h */ = {isa = PBXFileReference; fileEncoding = 4; lastKnownFileType = sourcecode.c.h; path = Contact.h; sourceTree = "<group>"; };
		A4AC72911C0F9225000F05C8 /* Contact.m */ = {isa = PBXFileReference; fileEncoding = 4; lastKnownFileType = sourcecode.c.objc; path = Contact.m; sourceTree = "<group>"; };
		A4AC72931C1098E2000F05C8 /* TMBSelectedFriendViewController.h */ = {isa = PBXFileReference; fileEncoding = 4; lastKnownFileType = sourcecode.c.h; path = TMBSelectedFriendViewController.h; sourceTree = "<group>"; };
		A4AC72941C1098E2000F05C8 /* TMBSelectedFriendViewController.m */ = {isa = PBXFileReference; fileEncoding = 4; lastKnownFileType = sourcecode.c.objc; path = TMBSelectedFriendViewController.m; sourceTree = "<group>"; };
		A4AC729C1C1606D1000F05C8 /* PAPUtility.h */ = {isa = PBXFileReference; fileEncoding = 4; lastKnownFileType = sourcecode.c.h; path = PAPUtility.h; sourceTree = "<group>"; };
		A4AC729D1C1606D1000F05C8 /* PAPUtility.m */ = {isa = PBXFileReference; fileEncoding = 4; lastKnownFileType = sourcecode.c.objc; path = PAPUtility.m; sourceTree = "<group>"; };
		A4C03FE81C03BC3300F0F368 /* Parse.framework */ = {isa = PBXFileReference; lastKnownFileType = wrapper.framework; name = Parse.framework; path = "Pods/../build/Debug-iphoneos/Parse.framework"; sourceTree = "<group>"; };
		A4C03FEA1C03BC5C00F0F368 /* Bolts.framework */ = {isa = PBXFileReference; lastKnownFileType = wrapper.framework; name = Bolts.framework; path = "parse-library-1.9.1/Bolts.framework"; sourceTree = "<group>"; };
		A4C03FEB1C03BC5C00F0F368 /* Parse.framework */ = {isa = PBXFileReference; lastKnownFileType = wrapper.framework; name = Parse.framework; path = "parse-library-1.9.1/Parse.framework"; sourceTree = "<group>"; };
		A4C03FEC1C03BC5C00F0F368 /* ParseCrashReporting.framework */ = {isa = PBXFileReference; lastKnownFileType = wrapper.framework; name = ParseCrashReporting.framework; path = "parse-library-1.9.1/ParseCrashReporting.framework"; sourceTree = "<group>"; };
		A4C03FED1C03BC5C00F0F368 /* ParseFacebookUtils.framework */ = {isa = PBXFileReference; lastKnownFileType = wrapper.framework; name = ParseFacebookUtils.framework; path = "parse-library-1.9.1/ParseFacebookUtils.framework"; sourceTree = "<group>"; };
		A4C03FEE1C03BC5C00F0F368 /* ParseFacebookUtilsV4.framework */ = {isa = PBXFileReference; lastKnownFileType = wrapper.framework; name = ParseFacebookUtilsV4.framework; path = "parse-library-1.9.1/ParseFacebookUtilsV4.framework"; sourceTree = "<group>"; };
		A4C03FEF1C03BC5C00F0F368 /* ParseTwitterUtils.framework */ = {isa = PBXFileReference; lastKnownFileType = wrapper.framework; name = ParseTwitterUtils.framework; path = "parse-library-1.9.1/ParseTwitterUtils.framework"; sourceTree = "<group>"; };
		A4C03FF01C03BC5C00F0F368 /* ParseUI.framework */ = {isa = PBXFileReference; lastKnownFileType = wrapper.framework; name = ParseUI.framework; path = "parse-library-1.9.1/ParseUI.framework"; sourceTree = "<group>"; };
		A4E03EB71C2DA0A900DC8A33 /* TMBManageSelectedBoardViewController.h */ = {isa = PBXFileReference; fileEncoding = 4; lastKnownFileType = sourcecode.c.h; path = TMBManageSelectedBoardViewController.h; sourceTree = "<group>"; };
		A4E03EB81C2DA0A900DC8A33 /* TMBManageSelectedBoardViewController.m */ = {isa = PBXFileReference; fileEncoding = 4; lastKnownFileType = sourcecode.c.objc; path = TMBManageSelectedBoardViewController.m; sourceTree = "<group>"; };
		DD4E1DEEA7F262100F1222E1 /* Pods_ProjectMailbox.framework */ = {isa = PBXFileReference; explicitFileType = wrapper.framework; includeInIndex = 0; path = Pods_ProjectMailbox.framework; sourceTree = BUILT_PRODUCTS_DIR; };
		E233FEDA584CB1D3E650CB43 /* Pods.release.xcconfig */ = {isa = PBXFileReference; includeInIndex = 1; lastKnownFileType = text.xcconfig; name = Pods.release.xcconfig; path = "Pods/Target Support Files/Pods/Pods.release.xcconfig"; sourceTree = "<group>"; };
		EA2A26B61C1782C60038F2D5 /* CreateBoardViewController.h */ = {isa = PBXFileReference; fileEncoding = 4; lastKnownFileType = sourcecode.c.h; name = CreateBoardViewController.h; path = ProjectMailbox/CreateBoardViewController.h; sourceTree = "<group>"; };
		EA2A26B71C1782D70038F2D5 /* CreateBoardViewController.m */ = {isa = PBXFileReference; fileEncoding = 4; lastKnownFileType = sourcecode.c.objc; name = CreateBoardViewController.m; path = ProjectMailbox/CreateBoardViewController.m; sourceTree = "<group>"; };
		EA2A26B91C1782EF0038F2D5 /* TMBFriendsTableViewCell.h */ = {isa = PBXFileReference; fileEncoding = 4; lastKnownFileType = sourcecode.c.h; name = TMBFriendsTableViewCell.h; path = ProjectMailbox/TMBFriendsTableViewCell.h; sourceTree = "<group>"; };
		EA2A26BA1C1782EF0038F2D5 /* TMBFriendsTableViewCell.m */ = {isa = PBXFileReference; fileEncoding = 4; lastKnownFileType = sourcecode.c.objc; name = TMBFriendsTableViewCell.m; path = ProjectMailbox/TMBFriendsTableViewCell.m; sourceTree = "<group>"; };
		EA2A26BC1C1783020038F2D5 /* AddNewBoardStoryboard.storyboard */ = {isa = PBXFileReference; fileEncoding = 4; lastKnownFileType = file.storyboard; name = AddNewBoardStoryboard.storyboard; path = ProjectMailbox/AddNewBoardStoryboard.storyboard; sourceTree = "<group>"; };
		EA712A6D1C0E7AF000F096B4 /* SpotifyTrackView.h */ = {isa = PBXFileReference; fileEncoding = 4; lastKnownFileType = sourcecode.c.h; path = SpotifyTrackView.h; sourceTree = "<group>"; };
		EA712A6E1C0E7AF000F096B4 /* SpotifyTrackView.m */ = {isa = PBXFileReference; fileEncoding = 4; lastKnownFileType = sourcecode.c.objc; path = SpotifyTrackView.m; sourceTree = "<group>"; };
		EA712A701C0E7B0C00F096B4 /* SpotifyTrack.h */ = {isa = PBXFileReference; fileEncoding = 4; lastKnownFileType = sourcecode.c.h; path = SpotifyTrack.h; sourceTree = "<group>"; };
		EA712A711C0E7B0C00F096B4 /* SpotifyTrack.m */ = {isa = PBXFileReference; fileEncoding = 4; lastKnownFileType = sourcecode.c.objc; path = SpotifyTrack.m; sourceTree = "<group>"; };
		EA712A781C0F90BA00F096B4 /* StoreKit.framework */ = {isa = PBXFileReference; lastKnownFileType = wrapper.framework; name = StoreKit.framework; path = System/Library/Frameworks/StoreKit.framework; sourceTree = SDKROOT; };
		EA712A7F1C0F920400F096B4 /* ParseUI.framework */ = {isa = PBXFileReference; lastKnownFileType = wrapper.framework; path = ParseUI.framework; sourceTree = "<group>"; };
		EA712A811C0F922E00F096B4 /* Parse.framework */ = {isa = PBXFileReference; lastKnownFileType = wrapper.framework; name = Parse.framework; path = "Pods/../build/Debug-iphoneos/Parse.framework"; sourceTree = "<group>"; };
		EA712A831C0F923600F096B4 /* Bolts.framework */ = {isa = PBXFileReference; lastKnownFileType = wrapper.framework; name = Bolts.framework; path = "Pods/../build/Debug-iphoneos/Bolts.framework"; sourceTree = "<group>"; };
		EA712A851C0F929300F096B4 /* TMBSpotifyShareExtension.entitlements */ = {isa = PBXFileReference; lastKnownFileType = text.xml; path = TMBSpotifyShareExtension.entitlements; sourceTree = "<group>"; };
		EA712A871C0F941B00F096B4 /* SpotifyFeature.storyboard */ = {isa = PBXFileReference; fileEncoding = 4; lastKnownFileType = file.storyboard; path = SpotifyFeature.storyboard; sourceTree = "<group>"; };
		EAB723691C03C33F0086E421 /* TMBSpotifyShareExtension.appex */ = {isa = PBXFileReference; explicitFileType = "wrapper.app-extension"; includeInIndex = 0; path = TMBSpotifyShareExtension.appex; sourceTree = BUILT_PRODUCTS_DIR; };
		EAB7236B1C03C33F0086E421 /* ShareViewController.h */ = {isa = PBXFileReference; lastKnownFileType = sourcecode.c.h; path = ShareViewController.h; sourceTree = "<group>"; };
		EAB7236C1C03C33F0086E421 /* ShareViewController.m */ = {isa = PBXFileReference; lastKnownFileType = sourcecode.c.objc; path = ShareViewController.m; sourceTree = "<group>"; };
		EAB7236F1C03C33F0086E421 /* Base */ = {isa = PBXFileReference; lastKnownFileType = file.storyboard; name = Base; path = Base.lproj/MainInterface.storyboard; sourceTree = "<group>"; };
		EAB723711C03C33F0086E421 /* Info.plist */ = {isa = PBXFileReference; lastKnownFileType = text.plist.xml; path = Info.plist; sourceTree = "<group>"; };
		EAB723791C03C4990086E421 /* TMBSpotifyShareExtensionAPIClient.h */ = {isa = PBXFileReference; fileEncoding = 4; lastKnownFileType = sourcecode.c.h; path = TMBSpotifyShareExtensionAPIClient.h; sourceTree = "<group>"; };
		EAB7237A1C03C4990086E421 /* TMBSpotifyShareExtensionAPIClient.m */ = {isa = PBXFileReference; fileEncoding = 4; lastKnownFileType = sourcecode.c.objc; path = TMBSpotifyShareExtensionAPIClient.m; sourceTree = "<group>"; };
		EAB723801C03D0480086E421 /* TMBSpotifyViewController.h */ = {isa = PBXFileReference; fileEncoding = 4; lastKnownFileType = sourcecode.c.h; name = TMBSpotifyViewController.h; path = ProjectMailbox/TMBSpotifyViewController.h; sourceTree = "<group>"; };
		EAB723811C03D0480086E421 /* TMBSpotifyViewController.m */ = {isa = PBXFileReference; fileEncoding = 4; lastKnownFileType = sourcecode.c.objc; name = TMBSpotifyViewController.m; path = ProjectMailbox/TMBSpotifyViewController.m; sourceTree = "<group>"; };
		EACDA5C91C161E440031268F /* SpotifyTrack2.h */ = {isa = PBXFileReference; fileEncoding = 4; lastKnownFileType = sourcecode.c.h; path = SpotifyTrack2.h; sourceTree = "<group>"; };
		EACDA5CA1C161E440031268F /* SpotifyTrack2.m */ = {isa = PBXFileReference; fileEncoding = 4; lastKnownFileType = sourcecode.c.objc; path = SpotifyTrack2.m; sourceTree = "<group>"; };
		EACDA5CC1C1620F60031268F /* SpotifyTrackView2.h */ = {isa = PBXFileReference; fileEncoding = 4; lastKnownFileType = sourcecode.c.h; path = SpotifyTrackView2.h; sourceTree = "<group>"; };
		EACDA5CD1C1620F60031268F /* SpotifyTrackView2.m */ = {isa = PBXFileReference; fileEncoding = 4; lastKnownFileType = sourcecode.c.objc; path = SpotifyTrackView2.m; sourceTree = "<group>"; };
		EACDA5CF1C175E6C0031268F /* SpotifyPlayerManager.h */ = {isa = PBXFileReference; fileEncoding = 4; lastKnownFileType = sourcecode.c.h; path = SpotifyPlayerManager.h; sourceTree = "<group>"; };
		EACDA5D01C175E6C0031268F /* SpotifyPlayerManager.m */ = {isa = PBXFileReference; fileEncoding = 4; lastKnownFileType = sourcecode.c.objc; path = SpotifyPlayerManager.m; sourceTree = "<group>"; };
		EAD1EAE71C05189D003BA462 /* Spotify.framework */ = {isa = PBXFileReference; lastKnownFileType = wrapper.framework; path = Spotify.framework; sourceTree = "<group>"; };
/* End PBXFileReference section */

/* Begin PBXFrameworksBuildPhase section */
		5508F49C1BFB972300D02E15 /* Frameworks */ = {
			isa = PBXFrameworksBuildPhase;
			buildActionMask = 2147483647;
			files = (
				5585F65D1C14C7E3003478C6 /* libstdc++.6.0.9.tbd in Frameworks */,
				A4AC728B1C0E9643000F05C8 /* Contacts.framework in Frameworks */,
				A4AC728C1C0E9643000F05C8 /* ContactsUI.framework in Frameworks */,
				A4AC72871C0E890B000F05C8 /* AddressBook.framework in Frameworks */,
				A4AC72881C0E890B000F05C8 /* AddressBookUI.framework in Frameworks */,
				A4C03FF11C03BC5C00F0F368 /* Bolts.framework in Frameworks */,
				A4C03FF21C03BC5C00F0F368 /* Parse.framework in Frameworks */,
				A4C03FF51C03BC5C00F0F368 /* ParseFacebookUtilsV4.framework in Frameworks */,
				EAD1EAE91C051A42003BA462 /* ParseCrashReporting.framework in Frameworks */,
				A4C03FF61C03BC5C00F0F368 /* ParseTwitterUtils.framework in Frameworks */,
				A4C03FF71C03BC5C00F0F368 /* ParseUI.framework in Frameworks */,
				A44515161BFE6D0B00BDD502 /* UIKit.framework in Frameworks */,
				A44515141BFE6CFB00BDD502 /* Foundation.framework in Frameworks */,
				A46CB1171BFCD40700D35BB3 /* Accounts.framework in Frameworks */,
				A46CB1151BFCD40000D35BB3 /* Social.framework in Frameworks */,
				A46CB1131BFCD3EF00D35BB3 /* libsqlite3.tbd in Frameworks */,
				A46CB1111BFCD3E300D35BB3 /* libz.tbd in Frameworks */,
				EAD1EAE81C05189D003BA462 /* Spotify.framework in Frameworks */,
				A46CB10F1BFCD3D400D35BB3 /* SystemConfiguration.framework in Frameworks */,
				A46CB10B1BFCD3C100D35BB3 /* Security.framework in Frameworks */,
				A46CB1091BFCD3B800D35BB3 /* QuartzCore.framework in Frameworks */,
				A46CB1071BFCD3AE00D35BB3 /* CoreLocation.framework in Frameworks */,
				A46CB1051BFCD3A400D35BB3 /* CoreGraphics.framework in Frameworks */,
				A46CB1031BFCD39A00D35BB3 /* CFNetwork.framework in Frameworks */,
				A46CB1011BFCD39100D35BB3 /* AudioToolbox.framework in Frameworks */,
				916A15FAAC6AF8C9D052011B /* Pods_ProjectMailbox.framework in Frameworks */,
			);
			runOnlyForDeploymentPostprocessing = 0;
		};
		5508F4B81BFB972300D02E15 /* Frameworks */ = {
			isa = PBXFrameworksBuildPhase;
			buildActionMask = 2147483647;
			files = (
			);
			runOnlyForDeploymentPostprocessing = 0;
		};
		5508F4C31BFB972300D02E15 /* Frameworks */ = {
			isa = PBXFrameworksBuildPhase;
			buildActionMask = 2147483647;
			files = (
			);
			runOnlyForDeploymentPostprocessing = 0;
		};
		EAB723661C03C33F0086E421 /* Frameworks */ = {
			isa = PBXFrameworksBuildPhase;
			buildActionMask = 2147483647;
			files = (
				EA712A841C0F923600F096B4 /* Bolts.framework in Frameworks */,
				EA712A821C0F922E00F096B4 /* Parse.framework in Frameworks */,
				EA712A7E1C0F913900F096B4 /* Social.framework in Frameworks */,
				EA712A7D1C0F912E00F096B4 /* Accounts.framework in Frameworks */,
				EA712A7C1C0F912100F096B4 /* libsqlite3.tbd in Frameworks */,
				EA712A7B1C0F90F800F096B4 /* libz.tbd in Frameworks */,
				EA712A7A1C0F90E300F096B4 /* SystemConfiguration.framework in Frameworks */,
				EA712A791C0F90BB00F096B4 /* StoreKit.framework in Frameworks */,
				EA712A801C0F920400F096B4 /* ParseUI.framework in Frameworks */,
				EA712A771C0F90A500F096B4 /* Security.framework in Frameworks */,
				EA712A761C0F909700F096B4 /* QuartzCore.framework in Frameworks */,
				EA712A751C0F908D00F096B4 /* CoreGraphics.framework in Frameworks */,
				EA712A741C0F908100F096B4 /* CFNetwork.framework in Frameworks */,
				EA712A731C0F907600F096B4 /* AudioToolbox.framework in Frameworks */,
			);
			runOnlyForDeploymentPostprocessing = 0;
		};
/* End PBXFrameworksBuildPhase section */

/* Begin PBXGroup section */
		5508F4961BFB972300D02E15 = {
			isa = PBXGroup;
			children = (
				EA712A6A1C0E7A1A00F096B4 /* Spotify Feature */,
				5508F4A11BFB972300D02E15 /* ProjectMailbox */,
				EAB7236A1C03C33F0086E421 /* TMBSpotifyShareExtension */,
				5508F4BE1BFB972300D02E15 /* ProjectMailboxTests */,
				5508F4C91BFB972300D02E15 /* ProjectMailboxUITests */,
				5508F4A01BFB972300D02E15 /* Products */,
				5A255CE89E9811F6D7225B25 /* Pods */,
				86D70CF3ABAD046EB944CC19 /* Frameworks */,
			);
			sourceTree = "<group>";
		};
		5508F4A01BFB972300D02E15 /* Products */ = {
			isa = PBXGroup;
			children = (
				5508F49F1BFB972300D02E15 /* ProjectMailbox.app */,
				5508F4BB1BFB972300D02E15 /* ProjectMailboxTests.xctest */,
				5508F4C61BFB972300D02E15 /* ProjectMailboxUITests.xctest */,
				EAB723691C03C33F0086E421 /* TMBSpotifyShareExtension.appex */,
			);
			name = Products;
			sourceTree = "<group>";
		};
		5508F4A11BFB972300D02E15 /* ProjectMailbox */ = {
			isa = PBXGroup;
			children = (
				55B682AB1C122A750054699A /* ProjectMailbox-Bridging-Header.h */,
				559300061C0F958F0027195D /* ProjectMailbox.entitlements */,
				5508F4B61BFB972300D02E15 /* Info.plist */,
				5508F4B11BFB972300D02E15 /* Assets.xcassets */,
				5508F4B31BFB972300D02E15 /* LaunchScreen.storyboard */,
				55A7E67E1C0C93B900D18009 /* Main.storyboard */,
				5D8E303B1C1F1E3A00610042 /* ImageCard.storyboard */,
				5D8E30421C21EE3D00610042 /* signupScreen.storyboard */,
				A445152C1C039D2300BDD502 /* PAPCache.h */,
				A445152D1C039D2300BDD502 /* PAPCache.m */,
				A4AC729C1C1606D1000F05C8 /* PAPUtility.h */,
				A4AC729D1C1606D1000F05C8 /* PAPUtility.m */,
				5508F4A51BFB972300D02E15 /* AppDelegate.h */,
				5508F4A61BFB972300D02E15 /* AppDelegate.m */,
				55EE00711C0BB94B00C46162 /* TMBMainPageViewController.h */,
				55EE00721C0BB94B00C46162 /* TMBMainPageViewController.m */,
				5518E25C1C0E2B670035418D /* TMBSideMenuViewController.h */,
				5518E25D1C0E2B670035418D /* TMBSideMenuViewController.m */,
				A48A0AEF1C1F989C00BA46F3 /* TMBSideMenuTableViewCell.h */,
				A48A0AF01C1F989C00BA46F3 /* TMBSideMenuTableViewCell.m */,
				5518E25F1C0E32170035418D /* TMBMainPageContentViewController.h */,
				5518E2601C0E32170035418D /* TMBMainPageContentViewController.m */,
				5D03AF201C187B1600E2CDEB /* TMBConstants.h */,
				5D03AF211C187B1600E2CDEB /* TMBConstants.m */,
				55C6AE1D1C1B2DED00FD8A73 /* TMBCommentViewController.h */,
				55C6AE1E1C1B2DED00FD8A73 /* TMBCommentViewController.m */,
				5585F6601C14E1FC003478C6 /* EditProfileViewController.swift */,
				5D03AF1A1C18610600E2CDEB /* TMBSharedBoardID.m */,
				5585F65E1C14D6E5003478C6 /* ChangePasswordViewController.swift */,
				5508F4A81BFB972300D02E15 /* ViewController.h */,
				5508F4A91BFB972300D02E15 /* ViewController.m */,
				5D03AF1C1C18610A00E2CDEB /* BoardID */,
				5D03AF181C1785DF00E2CDEB /* Board */,
				55D3EB111C1745E30044BEFD /* TMBBoard.h */,
				55D3EB121C1745E30044BEFD /* TMBBoard.m */,
				5508F4DC1BFBC22300D02E15 /* TMBUser.h */,
				5508F4DD1BFBC22300D02E15 /* TMBUser.m */,
				A42EB5D51C18C9E8009A241B /* Create New Board */,
				A4AC727F1C0E7F9F000F05C8 /* Phone Contacts */,
				55EE00751C0BDE4900C46162 /* Login */,
				A445151E1BFFA66900BDD502 /* Post Image */,
				A445151F1BFFA67E00BDD502 /* Post Comment */,
				55EE00741C0BDE1600C46162 /* Doodle */,
				5508F4AE1BFB972300D02E15 /* ProjectMailbox.xcdatamodeld */,
				5508F4A21BFB972300D02E15 /* Supporting Files */,
			);
			path = ProjectMailbox;
			sourceTree = "<group>";
		};
		5508F4A21BFB972300D02E15 /* Supporting Files */ = {
			isa = PBXGroup;
			children = (
				5508F4D81BFB976F00D02E15 /* parse-library */,
				5508F4A31BFB972300D02E15 /* main.m */,
			);
			name = "Supporting Files";
			sourceTree = "<group>";
		};
		5508F4BE1BFB972300D02E15 /* ProjectMailboxTests */ = {
			isa = PBXGroup;
			children = (
				5508F4BF1BFB972300D02E15 /* ProjectMailboxTests.m */,
				5508F4C11BFB972300D02E15 /* Info.plist */,
			);
			path = ProjectMailboxTests;
			sourceTree = "<group>";
		};
		5508F4C91BFB972300D02E15 /* ProjectMailboxUITests */ = {
			isa = PBXGroup;
			children = (
				5508F4CA1BFB972300D02E15 /* ProjectMailboxUITests.m */,
				5508F4CC1BFB972300D02E15 /* Info.plist */,
			);
			path = ProjectMailboxUITests;
			sourceTree = "<group>";
		};
		55EE00741C0BDE1600C46162 /* Doodle */ = {
			isa = PBXGroup;
			children = (
				A44515171BFE6D4000BDD502 /* DoodleStoryboard.storyboard */,
				A44515191BFE6D7800BDD502 /* TMBDoodleViewController.h */,
				A445151A1BFE6D7800BDD502 /* TMBDoodleViewController.m */,
			);
			name = Doodle;
			sourceTree = "<group>";
		};
		55EE00751C0BDE4900C46162 /* Login */ = {
			isa = PBXGroup;
			children = (
				55A7E6851C0E159C00D18009 /* AppViewController.h */,
				55A7E6861C0E159C00D18009 /* AppViewController.m */,
				5508F4EE1BFC12A500D02E15 /* TMBFirstPageViewController.h */,
				5508F4EF1BFC12A500D02E15 /* TMBFirstPageViewController.m */,
				5508F4EB1BFBDD4100D02E15 /* TMBSignUpViewController.h */,
				5508F4EC1BFBDD4100D02E15 /* TMBSignUpViewController.m */,
				55A7E6801C0CC80700D18009 /* TMBInviteFriendsViewController.h */,
				55A7E6811C0CC80700D18009 /* TMBInviteFriendsViewController.m */,
			);
			name = Login;
			sourceTree = "<group>";
		};
		5A255CE89E9811F6D7225B25 /* Pods */ = {
			isa = PBXGroup;
			children = (
				A35519930F35CF33D321AA4E /* Pods-ProjectMailbox.debug.xcconfig */,
				774B83E0D48C8871F9362E29 /* Pods-ProjectMailbox.release.xcconfig */,
				4A85112209E9F690313E6859 /* Pods.debug.xcconfig */,
				E233FEDA584CB1D3E650CB43 /* Pods.release.xcconfig */,
			);
			name = Pods;
			sourceTree = "<group>";
		};
		5D03AF181C1785DF00E2CDEB /* Board */ = {
			isa = PBXGroup;
			children = (
				5D8E30381C1DE8EF00610042 /* TMBCustomNavigationBar.h */,
				5D8E30391C1DE8EF00610042 /* TMBCustomNavigationBar.m */,
				5D03AF0F1C1785DA00E2CDEB /* TMBBoardController.h */,
				5D03AF101C1785DA00E2CDEB /* TMBBoardController.m */,
				5D03AF111C1785DA00E2CDEB /* TMBBoardLayout.h */,
				5D03AF121C1785DA00E2CDEB /* TMBBoardLayout.m */,
				5D03AF131C1785DA00E2CDEB /* TMBBoardCell.h */,
				5D03AF141C1785DA00E2CDEB /* TMBBoardCell.m */,
			);
			name = Board;
			sourceTree = "<group>";
		};
		5D03AF1C1C18610A00E2CDEB /* BoardID */ = {
			isa = PBXGroup;
			children = (
				5D03AF191C18610600E2CDEB /* TMBSharedBoardID.h */,
			);
			name = BoardID;
			sourceTree = "<group>";
		};
		86D70CF3ABAD046EB944CC19 /* Frameworks */ = {
			isa = PBXGroup;
			children = (
				5585F65C1C14C7E3003478C6 /* libstdc++.6.0.9.tbd */,
				5585F64E1C14C5C5003478C6 /* Concorde.framework */,
				5585F64F1C14C5C5003478C6 /* FBSDKShareKit.framework */,
				5585F6501C14C5C5003478C6 /* JSQMessagesViewController.framework */,
				5585F6511C14C5C5003478C6 /* JSQSystemSoundPlayer.framework */,
				5585F6521C14C5C5003478C6 /* Masonry.framework */,
				5585F6531C14C5C5003478C6 /* MMDrawerController.framework */,
				5585F6541C14C5C5003478C6 /* SimpleColorPicker.framework */,
				5585F64C1C14C5BE003478C6 /* FBSDKLoginKit.framework */,
				5585F64A1C14C5B6003478C6 /* FBSDKCoreKit.framework */,
				5585F6481C14C563003478C6 /* PassKit.framework */,
				A4AC72891C0E9643000F05C8 /* Contacts.framework */,
				A4AC728A1C0E9643000F05C8 /* ContactsUI.framework */,
				A4AC72851C0E890B000F05C8 /* AddressBook.framework */,
				A4AC72861C0E890B000F05C8 /* AddressBookUI.framework */,
				EAD1EAE71C05189D003BA462 /* Spotify.framework */,
				A4C03FEA1C03BC5C00F0F368 /* Bolts.framework */,
				A4C03FEB1C03BC5C00F0F368 /* Parse.framework */,
				A4C03FEC1C03BC5C00F0F368 /* ParseCrashReporting.framework */,
				A4C03FED1C03BC5C00F0F368 /* ParseFacebookUtils.framework */,
				A4C03FEE1C03BC5C00F0F368 /* ParseFacebookUtilsV4.framework */,
				A4C03FEF1C03BC5C00F0F368 /* ParseTwitterUtils.framework */,
				A4C03FF01C03BC5C00F0F368 /* ParseUI.framework */,
				A4C03FE81C03BC3300F0F368 /* Parse.framework */,
				A44515151BFE6D0B00BDD502 /* UIKit.framework */,
				A44515131BFE6CFB00BDD502 /* Foundation.framework */,
				A46CB11F1BFCE1C700D35BB3 /* Parse.framework */,
				A46CB1161BFCD40700D35BB3 /* Accounts.framework */,
				A46CB1141BFCD40000D35BB3 /* Social.framework */,
				A46CB1121BFCD3EF00D35BB3 /* libsqlite3.tbd */,
				A46CB1101BFCD3E300D35BB3 /* libz.tbd */,
				A46CB10E1BFCD3D400D35BB3 /* SystemConfiguration.framework */,
				A46CB10A1BFCD3C100D35BB3 /* Security.framework */,
				A46CB1081BFCD3B800D35BB3 /* QuartzCore.framework */,
				A46CB1061BFCD3AE00D35BB3 /* CoreLocation.framework */,
				A46CB1041BFCD3A400D35BB3 /* CoreGraphics.framework */,
				A46CB1021BFCD39A00D35BB3 /* CFNetwork.framework */,
				A46CB1001BFCD39100D35BB3 /* AudioToolbox.framework */,
				DD4E1DEEA7F262100F1222E1 /* Pods_ProjectMailbox.framework */,
			);
			name = Frameworks;
			sourceTree = "<group>";
		};
		A42EB5D51C18C9E8009A241B /* Create New Board */ = {
			isa = PBXGroup;
			children = (
				A45295431C20992B0060E8BC /* TMBManageBoardsTableViewController.h */,
				A45295441C20992B0060E8BC /* TMBManageBoardsTableViewController.m */,
				A45295461C20A8690060E8BC /* TMBBoardTableViewCell.h */,
				A45295471C20A8690060E8BC /* TMBBoardTableViewCell.m */,
				A42EB5D61C19D234009A241B /* TMBFindFriendsViewController.h */,
				A42EB5D71C19D234009A241B /* TMBFindFriendsViewController.m */,
				A4E03EB71C2DA0A900DC8A33 /* TMBManageSelectedBoardViewController.h */,
				A4E03EB81C2DA0A900DC8A33 /* TMBManageSelectedBoardViewController.m */,
				EA2A26B61C1782C60038F2D5 /* CreateBoardViewController.h */,
				EA2A26B71C1782D70038F2D5 /* CreateBoardViewController.m */,
				EA2A26B91C1782EF0038F2D5 /* TMBFriendsTableViewCell.h */,
				EA2A26BA1C1782EF0038F2D5 /* TMBFriendsTableViewCell.m */,
				EA2A26BC1C1783020038F2D5 /* AddNewBoardStoryboard.storyboard */,
			);
			name = "Create New Board";
			path = ..;
			sourceTree = "<group>";
		};
		A445151E1BFFA66900BDD502 /* Post Image */ = {
			isa = PBXGroup;
			children = (
				A46CB11A1BFCDDA300D35BB3 /* TMBImageView.h */,
				A46CB11B1BFCDDA300D35BB3 /* TMBImageView.m */,
				A46CB0FD1BFC989800D35BB3 /* TMBImageCardViewController.h */,
				A46CB0FE1BFC989800D35BB3 /* TMBImageCardViewController.m */,
				A4AC727C1C0E2730000F05C8 /* TMBTableViewCommentCellTableViewCell.h */,
				A4AC727D1C0E2730000F05C8 /* TMBTableViewCommentCellTableViewCell.m */,
				552687CD1C1A1DA9008D94DE /* TMBFullImageModalViewController.h */,
				552687CE1C1A1DA9008D94DE /* TMBFullImageModalViewController.m */,
				A46CB0FB1BFC973A00D35BB3 /* ImageViewStoryboard.storyboard */,
			);
			name = "Post Image";
			sourceTree = "<group>";
		};
		A445151F1BFFA67E00BDD502 /* Post Comment */ = {
			isa = PBXGroup;
			children = (
				5508F4E51BFBC25300D02E15 /* TMBTextCard.h */,
				5508F4E61BFBC25300D02E15 /* TMBTextCard.m */,
				A445150E1BFE521400BDD502 /* TMBTextCardViewController.h */,
				A445150F1BFE521400BDD502 /* TMBTextCardViewController.m */,
				A44515111BFE525A00BDD502 /* TextCardStoryboard.storyboard */,
			);
			name = "Post Comment";
			sourceTree = "<group>";
		};
		A4AC727F1C0E7F9F000F05C8 /* Phone Contacts */ = {
			isa = PBXGroup;
			children = (
				A4AC72931C1098E2000F05C8 /* TMBSelectedFriendViewController.h */,
				A4AC72941C1098E2000F05C8 /* TMBSelectedFriendViewController.m */,
				A4AC728D1C0E97DA000F05C8 /* TMBPhoneContactsViewController.h */,
				A4AC728E1C0E97DA000F05C8 /* TMBPhoneContactsViewController.m */,
				A4AC72901C0F9225000F05C8 /* Contact.h */,
				A4AC72911C0F9225000F05C8 /* Contact.m */,
				A4AC72801C0E7FF9000F05C8 /* phoneContacts.storyboard */,
			);
			name = "Phone Contacts";
			sourceTree = "<group>";
		};
		EA712A6A1C0E7A1A00F096B4 /* Spotify Feature */ = {
			isa = PBXGroup;
			children = (
				EA712A871C0F941B00F096B4 /* SpotifyFeature.storyboard */,
				EAB723801C03D0480086E421 /* TMBSpotifyViewController.h */,
				EAB723811C03D0480086E421 /* TMBSpotifyViewController.m */,
				EA712A6D1C0E7AF000F096B4 /* SpotifyTrackView.h */,
				EA712A6E1C0E7AF000F096B4 /* SpotifyTrackView.m */,
				EACDA5CC1C1620F60031268F /* SpotifyTrackView2.h */,
				EACDA5CD1C1620F60031268F /* SpotifyTrackView2.m */,
				EACDA5C91C161E440031268F /* SpotifyTrack2.h */,
				EACDA5CA1C161E440031268F /* SpotifyTrack2.m */,
				EA712A701C0E7B0C00F096B4 /* SpotifyTrack.h */,
				EA712A711C0E7B0C00F096B4 /* SpotifyTrack.m */,
				EACDA5CF1C175E6C0031268F /* SpotifyPlayerManager.h */,
				EACDA5D01C175E6C0031268F /* SpotifyPlayerManager.m */,
			);
			name = "Spotify Feature";
			sourceTree = "<group>";
		};
		EAB7236A1C03C33F0086E421 /* TMBSpotifyShareExtension */ = {
			isa = PBXGroup;
			children = (
				EA712A851C0F929300F096B4 /* TMBSpotifyShareExtension.entitlements */,
				EA712A7F1C0F920400F096B4 /* ParseUI.framework */,
				55D3EB101C17416C0044BEFD /* TMBSpotifyShareExtension.entitlements */,
				EAB723791C03C4990086E421 /* TMBSpotifyShareExtensionAPIClient.h */,
				EAB7237A1C03C4990086E421 /* TMBSpotifyShareExtensionAPIClient.m */,
				EAB7236B1C03C33F0086E421 /* ShareViewController.h */,
				EAB7236C1C03C33F0086E421 /* ShareViewController.m */,
				EAB7236E1C03C33F0086E421 /* MainInterface.storyboard */,
				EAB723711C03C33F0086E421 /* Info.plist */,
			);
			path = TMBSpotifyShareExtension;
			sourceTree = "<group>";
		};
/* End PBXGroup section */

/* Begin PBXNativeTarget section */
		5508F49E1BFB972300D02E15 /* ProjectMailbox */ = {
			isa = PBXNativeTarget;
			buildConfigurationList = 5508F4CF1BFB972300D02E15 /* Build configuration list for PBXNativeTarget "ProjectMailbox" */;
			buildPhases = (
				142B241C37A6A101AF6857A8 /* Check Pods Manifest.lock */,
				5508F49B1BFB972300D02E15 /* Sources */,
				5508F49C1BFB972300D02E15 /* Frameworks */,
				5508F49D1BFB972300D02E15 /* Resources */,
				E921470CCCFB031BC8FAB5A4 /* Embed Pods Frameworks */,
				5C5B671FE1A5BB936EF6C7CB /* Copy Pods Resources */,
				EAB723781C03C3400086E421 /* Embed App Extensions */,
			);
			buildRules = (
			);
			dependencies = (
				EAB723731C03C33F0086E421 /* PBXTargetDependency */,
			);
			name = ProjectMailbox;
			productName = ProjectMailbox;
			productReference = 5508F49F1BFB972300D02E15 /* ProjectMailbox.app */;
			productType = "com.apple.product-type.application";
		};
		5508F4BA1BFB972300D02E15 /* ProjectMailboxTests */ = {
			isa = PBXNativeTarget;
			buildConfigurationList = 5508F4D21BFB972300D02E15 /* Build configuration list for PBXNativeTarget "ProjectMailboxTests" */;
			buildPhases = (
				5508F4B71BFB972300D02E15 /* Sources */,
				5508F4B81BFB972300D02E15 /* Frameworks */,
				5508F4B91BFB972300D02E15 /* Resources */,
			);
			buildRules = (
			);
			dependencies = (
				5508F4BD1BFB972300D02E15 /* PBXTargetDependency */,
			);
			name = ProjectMailboxTests;
			productName = ProjectMailboxTests;
			productReference = 5508F4BB1BFB972300D02E15 /* ProjectMailboxTests.xctest */;
			productType = "com.apple.product-type.bundle.unit-test";
		};
		5508F4C51BFB972300D02E15 /* ProjectMailboxUITests */ = {
			isa = PBXNativeTarget;
			buildConfigurationList = 5508F4D51BFB972300D02E15 /* Build configuration list for PBXNativeTarget "ProjectMailboxUITests" */;
			buildPhases = (
				5508F4C21BFB972300D02E15 /* Sources */,
				5508F4C31BFB972300D02E15 /* Frameworks */,
				5508F4C41BFB972300D02E15 /* Resources */,
			);
			buildRules = (
			);
			dependencies = (
				5508F4C81BFB972300D02E15 /* PBXTargetDependency */,
			);
			name = ProjectMailboxUITests;
			productName = ProjectMailboxUITests;
			productReference = 5508F4C61BFB972300D02E15 /* ProjectMailboxUITests.xctest */;
			productType = "com.apple.product-type.bundle.ui-testing";
		};
		EAB723681C03C33F0086E421 /* TMBSpotifyShareExtension */ = {
			isa = PBXNativeTarget;
			buildConfigurationList = EAB723771C03C3400086E421 /* Build configuration list for PBXNativeTarget "TMBSpotifyShareExtension" */;
			buildPhases = (
				EAB723651C03C33F0086E421 /* Sources */,
				EAB723661C03C33F0086E421 /* Frameworks */,
				EAB723671C03C33F0086E421 /* Resources */,
			);
			buildRules = (
			);
			dependencies = (
			);
			name = TMBSpotifyShareExtension;
			productName = TMBSpotifyShareExtension;
			productReference = EAB723691C03C33F0086E421 /* TMBSpotifyShareExtension.appex */;
			productType = "com.apple.product-type.app-extension";
		};
/* End PBXNativeTarget section */

/* Begin PBXProject section */
		5508F4971BFB972300D02E15 /* Project object */ = {
			isa = PBXProject;
			attributes = {
				LastUpgradeCheck = 0710;
				ORGANIZATIONNAME = "Joseph Kiley";
				TargetAttributes = {
					5508F49E1BFB972300D02E15 = {
						CreatedOnToolsVersion = 7.1.1;
						DevelopmentTeam = KXY9EDFTF5;
						SystemCapabilities = {
							com.apple.ApplicationGroups.iOS = {
								enabled = 1;
							};
							com.apple.InAppPurchase = {
								enabled = 0;
							};
							com.apple.Keychain = {
								enabled = 1;
							};
						};
					};
					5508F4BA1BFB972300D02E15 = {
						CreatedOnToolsVersion = 7.1.1;
						TestTargetID = 5508F49E1BFB972300D02E15;
					};
					5508F4C51BFB972300D02E15 = {
						CreatedOnToolsVersion = 7.1.1;
						TestTargetID = 5508F49E1BFB972300D02E15;
					};
					EAB723681C03C33F0086E421 = {
						CreatedOnToolsVersion = 7.1.1;
						DevelopmentTeam = KXY9EDFTF5;
						SystemCapabilities = {
							com.apple.ApplicationGroups.iOS = {
								enabled = 1;
							};
							com.apple.Keychain = {
								enabled = 1;
							};
						};
					};
				};
			};
			buildConfigurationList = 5508F49A1BFB972300D02E15 /* Build configuration list for PBXProject "ProjectMailbox" */;
			compatibilityVersion = "Xcode 3.2";
			developmentRegion = English;
			hasScannedForEncodings = 0;
			knownRegions = (
				en,
				Base,
			);
			mainGroup = 5508F4961BFB972300D02E15;
			productRefGroup = 5508F4A01BFB972300D02E15 /* Products */;
			projectDirPath = "";
			projectRoot = "";
			targets = (
				5508F49E1BFB972300D02E15 /* ProjectMailbox */,
				5508F4BA1BFB972300D02E15 /* ProjectMailboxTests */,
				5508F4C51BFB972300D02E15 /* ProjectMailboxUITests */,
				EAB723681C03C33F0086E421 /* TMBSpotifyShareExtension */,
			);
		};
/* End PBXProject section */

/* Begin PBXResourcesBuildPhase section */
		5508F49D1BFB972300D02E15 /* Resources */ = {
			isa = PBXResourcesBuildPhase;
			buildActionMask = 2147483647;
			files = (
				A4AC72811C0E7FF9000F05C8 /* phoneContacts.storyboard in Resources */,
				55A7E67F1C0C93B900D18009 /* Main.storyboard in Resources */,
				A44515121BFE525A00BDD502 /* TextCardStoryboard.storyboard in Resources */,
				EA2A26BD1C1783020038F2D5 /* AddNewBoardStoryboard.storyboard in Resources */,
				5D8E30431C21EE3D00610042 /* signupScreen.storyboard in Resources */,
				5D8E303C1C1F1E3A00610042 /* ImageCard.storyboard in Resources */,
				EA712A881C0F941B00F096B4 /* SpotifyFeature.storyboard in Resources */,
				A44515181BFE6D4000BDD502 /* DoodleStoryboard.storyboard in Resources */,
				A46CB0FC1BFC973A00D35BB3 /* ImageViewStoryboard.storyboard in Resources */,
				5508F4B51BFB972300D02E15 /* LaunchScreen.storyboard in Resources */,
				5508F4B21BFB972300D02E15 /* Assets.xcassets in Resources */,
				5508F4D91BFB976F00D02E15 /* parse-library in Resources */,
			);
			runOnlyForDeploymentPostprocessing = 0;
		};
		5508F4B91BFB972300D02E15 /* Resources */ = {
			isa = PBXResourcesBuildPhase;
			buildActionMask = 2147483647;
			files = (
			);
			runOnlyForDeploymentPostprocessing = 0;
		};
		5508F4C41BFB972300D02E15 /* Resources */ = {
			isa = PBXResourcesBuildPhase;
			buildActionMask = 2147483647;
			files = (
			);
			runOnlyForDeploymentPostprocessing = 0;
		};
		EAB723671C03C33F0086E421 /* Resources */ = {
			isa = PBXResourcesBuildPhase;
			buildActionMask = 2147483647;
			files = (
				EAB723701C03C33F0086E421 /* MainInterface.storyboard in Resources */,
			);
			runOnlyForDeploymentPostprocessing = 0;
		};
/* End PBXResourcesBuildPhase section */

/* Begin PBXShellScriptBuildPhase section */
		142B241C37A6A101AF6857A8 /* Check Pods Manifest.lock */ = {
			isa = PBXShellScriptBuildPhase;
			buildActionMask = 2147483647;
			files = (
			);
			inputPaths = (
			);
			name = "Check Pods Manifest.lock";
			outputPaths = (
			);
			runOnlyForDeploymentPostprocessing = 0;
			shellPath = /bin/sh;
			shellScript = "diff \"${PODS_ROOT}/../Podfile.lock\" \"${PODS_ROOT}/Manifest.lock\" > /dev/null\nif [[ $? != 0 ]] ; then\n    cat << EOM\nerror: The sandbox is not in sync with the Podfile.lock. Run 'pod install' or update your CocoaPods installation.\nEOM\n    exit 1\nfi\n";
			showEnvVarsInLog = 0;
		};
		5C5B671FE1A5BB936EF6C7CB /* Copy Pods Resources */ = {
			isa = PBXShellScriptBuildPhase;
			buildActionMask = 2147483647;
			files = (
			);
			inputPaths = (
			);
			name = "Copy Pods Resources";
			outputPaths = (
			);
			runOnlyForDeploymentPostprocessing = 0;
			shellPath = /bin/sh;
			shellScript = "\"${SRCROOT}/Pods/Target Support Files/Pods-ProjectMailbox/Pods-ProjectMailbox-resources.sh\"\n";
			showEnvVarsInLog = 0;
		};
		E921470CCCFB031BC8FAB5A4 /* Embed Pods Frameworks */ = {
			isa = PBXShellScriptBuildPhase;
			buildActionMask = 2147483647;
			files = (
			);
			inputPaths = (
			);
			name = "Embed Pods Frameworks";
			outputPaths = (
			);
			runOnlyForDeploymentPostprocessing = 0;
			shellPath = /bin/sh;
			shellScript = "\"${SRCROOT}/Pods/Target Support Files/Pods-ProjectMailbox/Pods-ProjectMailbox-frameworks.sh\"\n";
			showEnvVarsInLog = 0;
		};
/* End PBXShellScriptBuildPhase section */

/* Begin PBXSourcesBuildPhase section */
		5508F49B1BFB972300D02E15 /* Sources */ = {
			isa = PBXSourcesBuildPhase;
			buildActionMask = 2147483647;
			files = (
				5D03AF251C187E5C00E2CDEB /* TMBImageView.m in Sources */,
				5D03AF241C187E3900E2CDEB /* TMBMainPageViewController.m in Sources */,
				5D03AF231C187DCC00E2CDEB /* TMBConstants.m in Sources */,
				A42EB5D81C19D234009A241B /* TMBFindFriendsViewController.m in Sources */,
				EACDA5CE1C1620F60031268F /* SpotifyTrackView2.m in Sources */,
				5585F6611C14E1FC003478C6 /* EditProfileViewController.swift in Sources */,
				5508F4AA1BFB972300D02E15 /* ViewController.m in Sources */,
				EA2A26BB1C1782EF0038F2D5 /* TMBFriendsTableViewCell.m in Sources */,
				A45295451C20992B0060E8BC /* TMBManageBoardsTableViewController.m in Sources */,
				A46CB0FF1BFC989800D35BB3 /* TMBImageCardViewController.m in Sources */,
				55C6AE1F1C1B2DED00FD8A73 /* TMBCommentViewController.m in Sources */,
				5508F4E71BFBC25300D02E15 /* TMBTextCard.m in Sources */,
				5D03AF171C1785DA00E2CDEB /* TMBBoardCell.m in Sources */,
				A4E03EB91C2DA0A900DC8A33 /* TMBManageSelectedBoardViewController.m in Sources */,
				A48A0AF11C1F989C00BA46F3 /* TMBSideMenuTableViewCell.m in Sources */,
				A4AC72951C1098E2000F05C8 /* TMBSelectedFriendViewController.m in Sources */,
				A45295481C20A8690060E8BC /* TMBBoardTableViewCell.m in Sources */,
				EA2A26B81C1782D70038F2D5 /* CreateBoardViewController.m in Sources */,
				5D8E303A1C1DE8EF00610042 /* TMBCustomNavigationBar.m in Sources */,
				55A7E6871C0E159C00D18009 /* AppViewController.m in Sources */,
				EAB7237B1C03C4990086E421 /* TMBSpotifyShareExtensionAPIClient.m in Sources */,
				5508F4F01BFC12A500D02E15 /* TMBFirstPageViewController.m in Sources */,
				A445151B1BFE6D7800BDD502 /* TMBDoodleViewController.m in Sources */,
				A4AC729E1C1606D1000F05C8 /* PAPUtility.m in Sources */,
				EAD1EABD1C051556003BA462 /* TMBSpotifyViewController.m in Sources */,
				A44515101BFE521400BDD502 /* TMBTextCardViewController.m in Sources */,
				5D03AF1B1C18610600E2CDEB /* TMBSharedBoardID.m in Sources */,
				5D03AF151C1785DA00E2CDEB /* TMBBoardController.m in Sources */,
				5D03AF161C1785DA00E2CDEB /* TMBBoardLayout.m in Sources */,
				EA712A6F1C0E7AF000F096B4 /* SpotifyTrackView.m in Sources */,
				5585F65F1C14D6E5003478C6 /* ChangePasswordViewController.swift in Sources */,
				55D3EB131C1745E30044BEFD /* TMBBoard.m in Sources */,
				A4AC72921C0F9225000F05C8 /* Contact.m in Sources */,
				5508F4A71BFB972300D02E15 /* AppDelegate.m in Sources */,
				5508F4DE1BFBC22300D02E15 /* TMBUser.m in Sources */,
				5D03AF261C187F8400E2CDEB /* PAPCache.m in Sources */,
				A4AC727E1C0E2730000F05C8 /* TMBTableViewCommentCellTableViewCell.m in Sources */,
				552687CF1C1A1DA9008D94DE /* TMBFullImageModalViewController.m in Sources */,
				5508F4B01BFB972300D02E15 /* ProjectMailbox.xcdatamodeld in Sources */,
				A4AC728F1C0E97DA000F05C8 /* TMBPhoneContactsViewController.m in Sources */,
				5518E25E1C0E2B670035418D /* TMBSideMenuViewController.m in Sources */,
				5508F4ED1BFBDD4100D02E15 /* TMBSignUpViewController.m in Sources */,
				EA712A721C0E7B0D00F096B4 /* SpotifyTrack.m in Sources */,
				55A7E6821C0CC80700D18009 /* TMBInviteFriendsViewController.m in Sources */,
				5518E2611C0E32170035418D /* TMBMainPageContentViewController.m in Sources */,
				EACDA5D11C175E6C0031268F /* SpotifyPlayerManager.m in Sources */,
				5508F4A41BFB972300D02E15 /* main.m in Sources */,
				EACDA5CB1C161E440031268F /* SpotifyTrack2.m in Sources */,
			);
			runOnlyForDeploymentPostprocessing = 0;
		};
		5508F4B71BFB972300D02E15 /* Sources */ = {
			isa = PBXSourcesBuildPhase;
			buildActionMask = 2147483647;
			files = (
				5508F4C01BFB972300D02E15 /* ProjectMailboxTests.m in Sources */,
			);
			runOnlyForDeploymentPostprocessing = 0;
		};
		5508F4C21BFB972300D02E15 /* Sources */ = {
			isa = PBXSourcesBuildPhase;
			buildActionMask = 2147483647;
			files = (
				5508F4CB1BFB972300D02E15 /* ProjectMailboxUITests.m in Sources */,
			);
			runOnlyForDeploymentPostprocessing = 0;
		};
		EAB723651C03C33F0086E421 /* Sources */ = {
			isa = PBXSourcesBuildPhase;
			buildActionMask = 2147483647;
			files = (
				EAB7237C1C03C4990086E421 /* TMBSpotifyShareExtensionAPIClient.m in Sources */,
				EAB7236D1C03C33F0086E421 /* ShareViewController.m in Sources */,
			);
			runOnlyForDeploymentPostprocessing = 0;
		};
/* End PBXSourcesBuildPhase section */

/* Begin PBXTargetDependency section */
		5508F4BD1BFB972300D02E15 /* PBXTargetDependency */ = {
			isa = PBXTargetDependency;
			target = 5508F49E1BFB972300D02E15 /* ProjectMailbox */;
			targetProxy = 5508F4BC1BFB972300D02E15 /* PBXContainerItemProxy */;
		};
		5508F4C81BFB972300D02E15 /* PBXTargetDependency */ = {
			isa = PBXTargetDependency;
			target = 5508F49E1BFB972300D02E15 /* ProjectMailbox */;
			targetProxy = 5508F4C71BFB972300D02E15 /* PBXContainerItemProxy */;
		};
		EAB723731C03C33F0086E421 /* PBXTargetDependency */ = {
			isa = PBXTargetDependency;
			target = EAB723681C03C33F0086E421 /* TMBSpotifyShareExtension */;
			targetProxy = EAB723721C03C33F0086E421 /* PBXContainerItemProxy */;
		};
/* End PBXTargetDependency section */

/* Begin PBXVariantGroup section */
		5508F4B31BFB972300D02E15 /* LaunchScreen.storyboard */ = {
			isa = PBXVariantGroup;
			children = (
				5508F4B41BFB972300D02E15 /* Base */,
			);
			name = LaunchScreen.storyboard;
			sourceTree = "<group>";
		};
		EAB7236E1C03C33F0086E421 /* MainInterface.storyboard */ = {
			isa = PBXVariantGroup;
			children = (
				EAB7236F1C03C33F0086E421 /* Base */,
			);
			name = MainInterface.storyboard;
			sourceTree = "<group>";
		};
/* End PBXVariantGroup section */

/* Begin XCBuildConfiguration section */
		5508F4CD1BFB972300D02E15 /* Debug */ = {
			isa = XCBuildConfiguration;
			buildSettings = {
				ALWAYS_SEARCH_USER_PATHS = NO;
				CLANG_CXX_LANGUAGE_STANDARD = "gnu++0x";
				CLANG_CXX_LIBRARY = "libc++";
				CLANG_ENABLE_MODULES = YES;
				CLANG_ENABLE_OBJC_ARC = YES;
				CLANG_WARN_BOOL_CONVERSION = YES;
				CLANG_WARN_CONSTANT_CONVERSION = YES;
				CLANG_WARN_DIRECT_OBJC_ISA_USAGE = YES_ERROR;
				CLANG_WARN_EMPTY_BODY = YES;
				CLANG_WARN_ENUM_CONVERSION = YES;
				CLANG_WARN_INT_CONVERSION = YES;
				CLANG_WARN_OBJC_ROOT_CLASS = YES_ERROR;
				CLANG_WARN_UNREACHABLE_CODE = YES;
				CLANG_WARN__DUPLICATE_METHOD_MATCH = YES;
				"CODE_SIGN_IDENTITY[sdk=iphoneos*]" = "iPhone Developer";
				COPY_PHASE_STRIP = NO;
				DEBUG_INFORMATION_FORMAT = dwarf;
				ENABLE_BITCODE = NO;
				ENABLE_STRICT_OBJC_MSGSEND = YES;
				ENABLE_TESTABILITY = YES;
				GCC_C_LANGUAGE_STANDARD = gnu99;
				GCC_DYNAMIC_NO_PIC = NO;
				GCC_NO_COMMON_BLOCKS = YES;
				GCC_OPTIMIZATION_LEVEL = 0;
				GCC_PREPROCESSOR_DEFINITIONS = (
					"DEBUG=1",
					"$(inherited)",
				);
				GCC_WARN_64_TO_32_BIT_CONVERSION = YES;
				GCC_WARN_ABOUT_RETURN_TYPE = YES_ERROR;
				GCC_WARN_UNDECLARED_SELECTOR = YES;
				GCC_WARN_UNINITIALIZED_AUTOS = YES_AGGRESSIVE;
				GCC_WARN_UNUSED_FUNCTION = YES;
				GCC_WARN_UNUSED_VARIABLE = YES;
				IPHONEOS_DEPLOYMENT_TARGET = 9.1;
				MTL_ENABLE_DEBUG_INFO = YES;
				ONLY_ACTIVE_ARCH = YES;
				"OTHER_LDFLAGS[arch=*]" = (
					"-weak_framework",
					Pods_ProjectMailbox,
				);
				SDKROOT = iphoneos;
				TARGETED_DEVICE_FAMILY = "1,2";
			};
			name = Debug;
		};
		5508F4CE1BFB972300D02E15 /* Release */ = {
			isa = XCBuildConfiguration;
			buildSettings = {
				ALWAYS_SEARCH_USER_PATHS = NO;
				CLANG_CXX_LANGUAGE_STANDARD = "gnu++0x";
				CLANG_CXX_LIBRARY = "libc++";
				CLANG_ENABLE_MODULES = YES;
				CLANG_ENABLE_OBJC_ARC = YES;
				CLANG_WARN_BOOL_CONVERSION = YES;
				CLANG_WARN_CONSTANT_CONVERSION = YES;
				CLANG_WARN_DIRECT_OBJC_ISA_USAGE = YES_ERROR;
				CLANG_WARN_EMPTY_BODY = YES;
				CLANG_WARN_ENUM_CONVERSION = YES;
				CLANG_WARN_INT_CONVERSION = YES;
				CLANG_WARN_OBJC_ROOT_CLASS = YES_ERROR;
				CLANG_WARN_UNREACHABLE_CODE = YES;
				CLANG_WARN__DUPLICATE_METHOD_MATCH = YES;
				"CODE_SIGN_IDENTITY[sdk=iphoneos*]" = "iPhone Developer";
				COPY_PHASE_STRIP = NO;
				DEBUG_INFORMATION_FORMAT = "dwarf-with-dsym";
				ENABLE_BITCODE = NO;
				ENABLE_NS_ASSERTIONS = NO;
				ENABLE_STRICT_OBJC_MSGSEND = YES;
				GCC_C_LANGUAGE_STANDARD = gnu99;
				GCC_NO_COMMON_BLOCKS = YES;
				GCC_WARN_64_TO_32_BIT_CONVERSION = YES;
				GCC_WARN_ABOUT_RETURN_TYPE = YES_ERROR;
				GCC_WARN_UNDECLARED_SELECTOR = YES;
				GCC_WARN_UNINITIALIZED_AUTOS = YES_AGGRESSIVE;
				GCC_WARN_UNUSED_FUNCTION = YES;
				GCC_WARN_UNUSED_VARIABLE = YES;
				IPHONEOS_DEPLOYMENT_TARGET = 9.1;
				MTL_ENABLE_DEBUG_INFO = NO;
				SDKROOT = iphoneos;
				TARGETED_DEVICE_FAMILY = "1,2";
				VALIDATE_PRODUCT = YES;
			};
			name = Release;
		};
		5508F4D01BFB972300D02E15 /* Debug */ = {
			isa = XCBuildConfiguration;
			baseConfigurationReference = A35519930F35CF33D321AA4E /* Pods-ProjectMailbox.debug.xcconfig */;
			buildSettings = {
				ASSETCATALOG_COMPILER_APPICON_NAME = "AppIcon-1";
				ASSETCATALOG_COMPILER_LAUNCHIMAGE_NAME = "Brand Assets";
				CLANG_ENABLE_MODULES = YES;
				CODE_SIGN_ENTITLEMENTS = ProjectMailbox/ProjectMailbox.entitlements;
				CODE_SIGN_IDENTITY = "iPhone Developer";
				"CODE_SIGN_IDENTITY[sdk=iphoneos*]" = "iPhone Developer";
				FRAMEWORK_SEARCH_PATHS = (
					"$(inherited)",
					"$(PROJECT_DIR)",
					"$(PROJECT_DIR)/parse-library-1.9.1",
					"$(PROJECT_DIR)/build/Debug-iphoneos",
				);
				INFOPLIST_FILE = ProjectMailbox/Info.plist;
				IPHONEOS_DEPLOYMENT_TARGET = 9.0;
				LD_RUNPATH_SEARCH_PATHS = "$(inherited) @executable_path/Frameworks";
				PRODUCT_BUNDLE_IDENTIFIER = com.flatironschool.mosaic;
				PRODUCT_NAME = "$(TARGET_NAME)";
				PROVISIONING_PROFILE = "";
				SWIFT_OBJC_BRIDGING_HEADER = "ProjectMailbox/ProjectMailbox-Bridging-Header.h";
				SWIFT_OPTIMIZATION_LEVEL = "-Onone";
				TARGETED_DEVICE_FAMILY = 1;
			};
			name = Debug;
		};
		5508F4D11BFB972300D02E15 /* Release */ = {
			isa = XCBuildConfiguration;
			baseConfigurationReference = 774B83E0D48C8871F9362E29 /* Pods-ProjectMailbox.release.xcconfig */;
			buildSettings = {
				ASSETCATALOG_COMPILER_APPICON_NAME = "AppIcon-1";
				ASSETCATALOG_COMPILER_LAUNCHIMAGE_NAME = "Brand Assets";
				CLANG_ENABLE_MODULES = YES;
				CODE_SIGN_ENTITLEMENTS = ProjectMailbox/ProjectMailbox.entitlements;
				CODE_SIGN_IDENTITY = "iPhone Developer";
				"CODE_SIGN_IDENTITY[sdk=iphoneos*]" = "iPhone Developer";
				FRAMEWORK_SEARCH_PATHS = (
					"$(inherited)",
					"$(PROJECT_DIR)",
					"$(PROJECT_DIR)/parse-library-1.9.1",
					"$(PROJECT_DIR)/build/Debug-iphoneos",
				);
				INFOPLIST_FILE = ProjectMailbox/Info.plist;
				IPHONEOS_DEPLOYMENT_TARGET = 9.0;
				LD_RUNPATH_SEARCH_PATHS = "$(inherited) @executable_path/Frameworks";
				PRODUCT_BUNDLE_IDENTIFIER = com.flatironschool.mosaic;
				PRODUCT_NAME = "$(TARGET_NAME)";
				PROVISIONING_PROFILE = "";
				SWIFT_OBJC_BRIDGING_HEADER = "ProjectMailbox/ProjectMailbox-Bridging-Header.h";
				TARGETED_DEVICE_FAMILY = 1;
			};
			name = Release;
		};
		5508F4D31BFB972300D02E15 /* Debug */ = {
			isa = XCBuildConfiguration;
			buildSettings = {
				BUNDLE_LOADER = "$(TEST_HOST)";
				INFOPLIST_FILE = ProjectMailboxTests/Info.plist;
				LD_RUNPATH_SEARCH_PATHS = "$(inherited) @executable_path/Frameworks @loader_path/Frameworks";
				PRODUCT_BUNDLE_IDENTIFIER = ProjectMailbox.ProjectMailboxTests;
				PRODUCT_NAME = "$(TARGET_NAME)";
				TEST_HOST = "$(BUILT_PRODUCTS_DIR)/ProjectMailbox.app/ProjectMailbox";
			};
			name = Debug;
		};
		5508F4D41BFB972300D02E15 /* Release */ = {
			isa = XCBuildConfiguration;
			buildSettings = {
				BUNDLE_LOADER = "$(TEST_HOST)";
				INFOPLIST_FILE = ProjectMailboxTests/Info.plist;
				LD_RUNPATH_SEARCH_PATHS = "$(inherited) @executable_path/Frameworks @loader_path/Frameworks";
				PRODUCT_BUNDLE_IDENTIFIER = ProjectMailbox.ProjectMailboxTests;
				PRODUCT_NAME = "$(TARGET_NAME)";
				TEST_HOST = "$(BUILT_PRODUCTS_DIR)/ProjectMailbox.app/ProjectMailbox";
			};
			name = Release;
		};
		5508F4D61BFB972300D02E15 /* Debug */ = {
			isa = XCBuildConfiguration;
			buildSettings = {
				INFOPLIST_FILE = ProjectMailboxUITests/Info.plist;
				LD_RUNPATH_SEARCH_PATHS = "$(inherited) @executable_path/Frameworks @loader_path/Frameworks";
				PRODUCT_BUNDLE_IDENTIFIER = ProjectMailbox.ProjectMailboxUITests;
				PRODUCT_NAME = "$(TARGET_NAME)";
				TEST_TARGET_NAME = ProjectMailbox;
				USES_XCTRUNNER = YES;
			};
			name = Debug;
		};
		5508F4D71BFB972300D02E15 /* Release */ = {
			isa = XCBuildConfiguration;
			buildSettings = {
				INFOPLIST_FILE = ProjectMailboxUITests/Info.plist;
				LD_RUNPATH_SEARCH_PATHS = "$(inherited) @executable_path/Frameworks @loader_path/Frameworks";
				PRODUCT_BUNDLE_IDENTIFIER = ProjectMailbox.ProjectMailboxUITests;
				PRODUCT_NAME = "$(TARGET_NAME)";
				TEST_TARGET_NAME = ProjectMailbox;
				USES_XCTRUNNER = YES;
			};
			name = Release;
		};
		EAB723751C03C3400086E421 /* Debug */ = {
			isa = XCBuildConfiguration;
			buildSettings = {
				CODE_SIGN_ENTITLEMENTS = TMBSpotifyShareExtension/TMBSpotifyShareExtension.entitlements;
				CODE_SIGN_IDENTITY = "iPhone Developer";
				"CODE_SIGN_IDENTITY[sdk=iphoneos*]" = "iPhone Developer";
				FRAMEWORK_SEARCH_PATHS = (
					"$(inherited)",
					"$(PROJECT_DIR)/TMBSpotifyShareExtension",
					"$(PROJECT_DIR)/build/Debug-iphoneos",
				);
				INFOPLIST_FILE = TMBSpotifyShareExtension/Info.plist;
				IPHONEOS_DEPLOYMENT_TARGET = 9.0;
				LD_RUNPATH_SEARCH_PATHS = "$(inherited) @executable_path/Frameworks @executable_path/../../Frameworks";
				PRODUCT_BUNDLE_IDENTIFIER = com.flatironschool.mosaic.TMBSpotifyShareExtension;
				PRODUCT_NAME = "$(TARGET_NAME)";
				PROVISIONING_PROFILE = "";
				SKIP_INSTALL = YES;
			};
			name = Debug;
		};
		EAB723761C03C3400086E421 /* Release */ = {
			isa = XCBuildConfiguration;
			buildSettings = {
				CODE_SIGN_ENTITLEMENTS = TMBSpotifyShareExtension/TMBSpotifyShareExtension.entitlements;
				CODE_SIGN_IDENTITY = "iPhone Developer";
				"CODE_SIGN_IDENTITY[sdk=iphoneos*]" = "iPhone Developer";
				FRAMEWORK_SEARCH_PATHS = (
					"$(inherited)",
					"$(PROJECT_DIR)/TMBSpotifyShareExtension",
					"$(PROJECT_DIR)/build/Debug-iphoneos",
				);
				INFOPLIST_FILE = TMBSpotifyShareExtension/Info.plist;
				IPHONEOS_DEPLOYMENT_TARGET = 9.0;
				LD_RUNPATH_SEARCH_PATHS = "$(inherited) @executable_path/Frameworks @executable_path/../../Frameworks";
				PRODUCT_BUNDLE_IDENTIFIER = com.flatironschool.mosaic.TMBSpotifyShareExtension;
				PRODUCT_NAME = "$(TARGET_NAME)";
				PROVISIONING_PROFILE = "";
				SKIP_INSTALL = YES;
			};
			name = Release;
		};
/* End XCBuildConfiguration section */

/* Begin XCConfigurationList section */
		5508F49A1BFB972300D02E15 /* Build configuration list for PBXProject "ProjectMailbox" */ = {
			isa = XCConfigurationList;
			buildConfigurations = (
				5508F4CD1BFB972300D02E15 /* Debug */,
				5508F4CE1BFB972300D02E15 /* Release */,
			);
			defaultConfigurationIsVisible = 0;
			defaultConfigurationName = Release;
		};
		5508F4CF1BFB972300D02E15 /* Build configuration list for PBXNativeTarget "ProjectMailbox" */ = {
			isa = XCConfigurationList;
			buildConfigurations = (
				5508F4D01BFB972300D02E15 /* Debug */,
				5508F4D11BFB972300D02E15 /* Release */,
			);
			defaultConfigurationIsVisible = 0;
			defaultConfigurationName = Release;
		};
		5508F4D21BFB972300D02E15 /* Build configuration list for PBXNativeTarget "ProjectMailboxTests" */ = {
			isa = XCConfigurationList;
			buildConfigurations = (
				5508F4D31BFB972300D02E15 /* Debug */,
				5508F4D41BFB972300D02E15 /* Release */,
			);
			defaultConfigurationIsVisible = 0;
			defaultConfigurationName = Release;
		};
		5508F4D51BFB972300D02E15 /* Build configuration list for PBXNativeTarget "ProjectMailboxUITests" */ = {
			isa = XCConfigurationList;
			buildConfigurations = (
				5508F4D61BFB972300D02E15 /* Debug */,
				5508F4D71BFB972300D02E15 /* Release */,
			);
			defaultConfigurationIsVisible = 0;
			defaultConfigurationName = Release;
		};
		EAB723771C03C3400086E421 /* Build configuration list for PBXNativeTarget "TMBSpotifyShareExtension" */ = {
			isa = XCConfigurationList;
			buildConfigurations = (
				EAB723751C03C3400086E421 /* Debug */,
				EAB723761C03C3400086E421 /* Release */,
			);
			defaultConfigurationIsVisible = 0;
			defaultConfigurationName = Release;
		};
/* End XCConfigurationList section */

/* Begin XCVersionGroup section */
		5508F4AE1BFB972300D02E15 /* ProjectMailbox.xcdatamodeld */ = {
			isa = XCVersionGroup;
			children = (
				5508F4AF1BFB972300D02E15 /* ProjectMailbox.xcdatamodel */,
			);
			currentVersion = 5508F4AF1BFB972300D02E15 /* ProjectMailbox.xcdatamodel */;
			path = ProjectMailbox.xcdatamodeld;
			sourceTree = "<group>";
			versionGroupType = wrapper.xcdatamodel;
		};
/* End XCVersionGroup section */
	};
	rootObject = 5508F4971BFB972300D02E15 /* Project object */;
}
